// !$*UTF8*$!
{
	archiveVersion = 1;
	classes = {
	};
	objectVersion = 52;
	objects = {

/* Begin PBXBuildFile section */
		450FE060276E1B9600BA1D7B /* RefreshableScrollView.swift in Sources */ = {isa = PBXBuildFile; fileRef = 450FE05F276E1B9600BA1D7B /* RefreshableScrollView.swift */; };
		452A37F126161C97005CD1DA /* Extensions.swift in Sources */ = {isa = PBXBuildFile; fileRef = 452A37F026161C97005CD1DA /* Extensions.swift */; };
		452A37F226161C97005CD1DA /* Extensions.swift in Sources */ = {isa = PBXBuildFile; fileRef = 452A37F026161C97005CD1DA /* Extensions.swift */; };
		4542C451261B912E00799E4B /* Preview Assets.xcassets in Resources */ = {isa = PBXBuildFile; fileRef = 4542C450261B912E00799E4B /* Preview Assets.xcassets */; };
		4542D60226276F8100B79E10 /* ACDataCache.swift in Sources */ = {isa = PBXBuildFile; fileRef = 4570D399261EE1FC006F50AA /* ACDataCache.swift */; };
		4552EE9E261CF3FF006C30B9 /* ACEntry.swift in Sources */ = {isa = PBXBuildFile; fileRef = 4552EE9D261CF3FF006C30B9 /* ACEntry.swift */; };
		4552EE9F261CF400006C30B9 /* ACEntry.swift in Sources */ = {isa = PBXBuildFile; fileRef = 4552EE9D261CF3FF006C30B9 /* ACEntry.swift */; };
		4552EEA0261CFB99006C30B9 /* ACEntry.swift in Sources */ = {isa = PBXBuildFile; fileRef = 4552EE9D261CF3FF006C30B9 /* ACEntry.swift */; };
		456187F426F66FE400FAE4F8 /* KeychainAccess in Frameworks */ = {isa = PBXBuildFile; productRef = 456187F326F66FE400FAE4F8 /* KeychainAccess */; };
		456187F626F6741A00FAE4F8 /* KeychainAccess in Frameworks */ = {isa = PBXBuildFile; productRef = 456187F526F6741A00FAE4F8 /* KeychainAccess */; };
		456187F826F6742100FAE4F8 /* KeychainAccess in Frameworks */ = {isa = PBXBuildFile; productRef = 456187F726F6742100FAE4F8 /* KeychainAccess */; };
		4570D39A261EE1FC006F50AA /* ACDataCache.swift in Sources */ = {isa = PBXBuildFile; fileRef = 4570D399261EE1FC006F50AA /* ACDataCache.swift */; };
		4570D39B261EE1FC006F50AA /* ACDataCache.swift in Sources */ = {isa = PBXBuildFile; fileRef = 4570D399261EE1FC006F50AA /* ACDataCache.swift */; };
		457E715C268D12E5000AEBF6 /* RearrangeTilesView.swift in Sources */ = {isa = PBXBuildFile; fileRef = 457E715B268D12E5000AEBF6 /* RearrangeTilesView.swift */; };
		4583A87F261A43FE00368001 /* Widgets.intentdefinition in Sources */ = {isa = PBXBuildFile; fileRef = 45C1A3F72619AC28006C1650 /* Widgets.intentdefinition */; settings = {ATTRIBUTES = (codegen, ); }; };
		45AB9881276D34B40024597F /* CurrencyPicker.swift in Sources */ = {isa = PBXBuildFile; fileRef = 45AB9880276D34B40024597F /* CurrencyPicker.swift */; };
		45B7C45A2700F18300F3ECC4 /* UpdateView.swift in Sources */ = {isa = PBXBuildFile; fileRef = 45B7C4592700F18300F3ECC4 /* UpdateView.swift */; };
		45B7C45C2700F2E400F3ECC4 /* UpdateDetailView.swift in Sources */ = {isa = PBXBuildFile; fileRef = 45B7C45B2700F2E400F3ECC4 /* UpdateDetailView.swift */; };
		45C1A3F32619AC28006C1650 /* Widgets.intentdefinition in Sources */ = {isa = PBXBuildFile; fileRef = 45C1A3F72619AC28006C1650 /* Widgets.intentdefinition */; };
		45C1A3F42619AC28006C1650 /* Widgets.intentdefinition in Sources */ = {isa = PBXBuildFile; fileRef = 45C1A3F72619AC28006C1650 /* Widgets.intentdefinition */; };
		45C1A3FC2619B035006C1650 /* Localizable.strings in Resources */ = {isa = PBXBuildFile; fileRef = CB436DEE2618E80200A432B1 /* Localizable.strings */; };
		45C1A3FF2619B402006C1650 /* Extensions.swift in Sources */ = {isa = PBXBuildFile; fileRef = 452A37F026161C97005CD1DA /* Extensions.swift */; };
		45CAC1092615CB8100FF63E7 /* AppStoreConnect-Swift-SDK in Frameworks */ = {isa = PBXBuildFile; productRef = 45CAC1082615CB8100FF63E7 /* AppStoreConnect-Swift-SDK */; };
		45CAC10B2615CBC200FF63E7 /* Gzip in Frameworks */ = {isa = PBXBuildFile; productRef = 45CAC10A2615CBC200FF63E7 /* Gzip */; };
		45CAC10D2615CBC700FF63E7 /* SwiftCSV in Frameworks */ = {isa = PBXBuildFile; productRef = 45CAC10C2615CBC700FF63E7 /* SwiftCSV */; };
		45CAC10F2615CBCB00FF63E7 /* AppStoreConnect-Swift-SDK in Frameworks */ = {isa = PBXBuildFile; productRef = 45CAC10E2615CBCB00FF63E7 /* AppStoreConnect-Swift-SDK */; };
		45CFAAAC261A6E2100E0E285 /* IntentHandler.swift in Sources */ = {isa = PBXBuildFile; fileRef = 45FD5195261915F200603D8A /* IntentHandler.swift */; };
		45D2041D262CBEB000D0E889 /* ACApp.swift in Sources */ = {isa = PBXBuildFile; fileRef = 45D2041C262CBEB000D0E889 /* ACApp.swift */; };
		45D2041E262CBEB000D0E889 /* ACApp.swift in Sources */ = {isa = PBXBuildFile; fileRef = 45D2041C262CBEB000D0E889 /* ACApp.swift */; };
		45D2041F262CBEB000D0E889 /* ACApp.swift in Sources */ = {isa = PBXBuildFile; fileRef = 45D2041C262CBEB000D0E889 /* ACApp.swift */; };
		45E6FA35277B9EC400C5E426 /* AsyncButton.swift in Sources */ = {isa = PBXBuildFile; fileRef = 45E6FA34277B9EC400C5E426 /* AsyncButton.swift */; };
		45E8C4812612512E007F9B0E /* AC_WidgetApp.swift in Sources */ = {isa = PBXBuildFile; fileRef = 45E8C4802612512E007F9B0E /* AC_WidgetApp.swift */; };
		45E8C4832612512E007F9B0E /* ContentView.swift in Sources */ = {isa = PBXBuildFile; fileRef = 45E8C4822612512E007F9B0E /* ContentView.swift */; };
		45E8C4852612512F007F9B0E /* Assets.xcassets in Resources */ = {isa = PBXBuildFile; fileRef = 45E8C4842612512F007F9B0E /* Assets.xcassets */; };
		45E8C4972612531D007F9B0E /* WidgetKit.framework in Frameworks */ = {isa = PBXBuildFile; fileRef = 45E8C4962612531D007F9B0E /* WidgetKit.framework */; };
		45E8C4992612531D007F9B0E /* SwiftUI.framework in Frameworks */ = {isa = PBXBuildFile; fileRef = 45E8C4982612531D007F9B0E /* SwiftUI.framework */; };
		45E8C49C2612531D007F9B0E /* Widgets.swift in Sources */ = {isa = PBXBuildFile; fileRef = 45E8C49B2612531D007F9B0E /* Widgets.swift */; };
		45E8C4A52612531E007F9B0E /* WidgetsExtension.appex in Embed App Extensions */ = {isa = PBXBuildFile; fileRef = 45E8C4942612531D007F9B0E /* WidgetsExtension.appex */; settings = {ATTRIBUTES = (RemoveHeadersOnCopy, ); }; };
		45E8C4BD261267FB007F9B0E /* Gzip in Frameworks */ = {isa = PBXBuildFile; productRef = 45E8C4BC261267FB007F9B0E /* Gzip */; };
		45E8C4C0261268D4007F9B0E /* SwiftCSV in Frameworks */ = {isa = PBXBuildFile; productRef = 45E8C4BF261268D4007F9B0E /* SwiftCSV */; };
		45FD5196261915F200603D8A /* IntentHandler.swift in Sources */ = {isa = PBXBuildFile; fileRef = 45FD5195261915F200603D8A /* IntentHandler.swift */; };
		45FD519A261915F200603D8A /* WidgetIntentExtension.appex in Embed App Extensions */ = {isa = PBXBuildFile; fileRef = 45FD5191261915F200603D8A /* WidgetIntentExtension.appex */; settings = {ATTRIBUTES = (RemoveHeadersOnCopy, ); }; };
		CB28AEE02615D24400B48215 /* UnitText.swift in Sources */ = {isa = PBXBuildFile; fileRef = CB28AEDF2615D24400B48215 /* UnitText.swift */; };
		CB28AEE12615D24400B48215 /* UnitText.swift in Sources */ = {isa = PBXBuildFile; fileRef = CB28AEDF2615D24400B48215 /* UnitText.swift */; };
		CB28AEE52615D28F00B48215 /* SummarySmall.swift in Sources */ = {isa = PBXBuildFile; fileRef = CB28AEE42615D28F00B48215 /* SummarySmall.swift */; };
		CB28AEE62615D28F00B48215 /* SummarySmall.swift in Sources */ = {isa = PBXBuildFile; fileRef = CB28AEE42615D28F00B48215 /* SummarySmall.swift */; };
		CB28AEEA2615D2BB00B48215 /* SummaryMedium.swift in Sources */ = {isa = PBXBuildFile; fileRef = CB28AEE92615D2BB00B48215 /* SummaryMedium.swift */; };
		CB28AEEB2615D2BB00B48215 /* SummaryMedium.swift in Sources */ = {isa = PBXBuildFile; fileRef = CB28AEE92615D2BB00B48215 /* SummaryMedium.swift */; };
		CB28AEEF2615D2E900B48215 /* ErrorWidget.swift in Sources */ = {isa = PBXBuildFile; fileRef = CB28AEEE2615D2E900B48215 /* ErrorWidget.swift */; };
		CB28AEF02615D2E900B48215 /* ErrorWidget.swift in Sources */ = {isa = PBXBuildFile; fileRef = CB28AEEE2615D2E900B48215 /* ErrorWidget.swift */; };
		CB28AEFC2615F5E700B48215 /* GraphView.swift in Sources */ = {isa = PBXBuildFile; fileRef = CB28AEFB2615F5E700B48215 /* GraphView.swift */; };
		CB28AEFD2615F5E700B48215 /* GraphView.swift in Sources */ = {isa = PBXBuildFile; fileRef = CB28AEFB2615F5E700B48215 /* GraphView.swift */; };
		CB28AF012616163600B48215 /* SettingsView.swift in Sources */ = {isa = PBXBuildFile; fileRef = CB28AF002616163600B48215 /* SettingsView.swift */; };
		CB28AF0926161D5E00B48215 /* DescribedValueView.swift in Sources */ = {isa = PBXBuildFile; fileRef = CB28AF0826161D5D00B48215 /* DescribedValueView.swift */; };
		CB28AF0A26161D5E00B48215 /* DescribedValueView.swift in Sources */ = {isa = PBXBuildFile; fileRef = CB28AF0826161D5D00B48215 /* DescribedValueView.swift */; };
		CB2D236926433AB9003DA727 /* SummaryLarge.swift in Sources */ = {isa = PBXBuildFile; fileRef = CB2D236826433AB9003DA727 /* SummaryLarge.swift */; };
		CB2D236A26433AB9003DA727 /* SummaryLarge.swift in Sources */ = {isa = PBXBuildFile; fileRef = CB2D236826433AB9003DA727 /* SummaryLarge.swift */; };
		CB400DDE26162EAA009E14E1 /* Assets.xcassets in Resources */ = {isa = PBXBuildFile; fileRef = 45E8C4842612512F007F9B0E /* Assets.xcassets */; };
		CB436DDB26186B0C00A432B1 /* OnboardingView.swift in Sources */ = {isa = PBXBuildFile; fileRef = CB436DDA26186B0C00A432B1 /* OnboardingView.swift */; };
		CB436DDF261870D400A432B1 /* HomeView.swift in Sources */ = {isa = PBXBuildFile; fileRef = CB436DDE261870D400A432B1 /* HomeView.swift */; };
		CB436DEB2618E80200A432B1 /* Localizable.strings in Resources */ = {isa = PBXBuildFile; fileRef = CB436DEE2618E80200A432B1 /* Localizable.strings */; };
		CB436DEC2618E80200A432B1 /* Localizable.strings in Resources */ = {isa = PBXBuildFile; fileRef = CB436DEE2618E80200A432B1 /* Localizable.strings */; };
		CB436E13261A3F6E00A432B1 /* APIKeyDetailView.swift in Sources */ = {isa = PBXBuildFile; fileRef = CB436E12261A3F6E00A432B1 /* APIKeyDetailView.swift */; };
		CB61B0AC26EE952800624425 /* AppListView.swift in Sources */ = {isa = PBXBuildFile; fileRef = CB61B0AB26EE952800624425 /* AppListView.swift */; };
		CB77BBAB268D121E006D4EC4 /* CountryTile.swift in Sources */ = {isa = PBXBuildFile; fileRef = CB77BBAA268D121E006D4EC4 /* CountryTile.swift */; };
		CB77BBAD268D18E8006D4EC4 /* PercentStackedBarChart.swift in Sources */ = {isa = PBXBuildFile; fileRef = CB77BBAC268D18E8006D4EC4 /* PercentStackedBarChart.swift */; };
		CB77BBAF268D1EF5006D4EC4 /* DeviceTile.swift in Sources */ = {isa = PBXBuildFile; fileRef = CB77BBAE268D1EF5006D4EC4 /* DeviceTile.swift */; };
		CB77BBB22691F19A006D4EC4 /* BetterToStrings in Frameworks */ = {isa = PBXBuildFile; productRef = CB77BBB12691F19A006D4EC4 /* BetterToStrings */; };
		CB77BBB42691F3EC006D4EC4 /* BetterToStrings in Frameworks */ = {isa = PBXBuildFile; productRef = CB77BBB32691F3EC006D4EC4 /* BetterToStrings */; };
		CB77BBB62691F3F2006D4EC4 /* BetterToStrings in Frameworks */ = {isa = PBXBuildFile; productRef = CB77BBB52691F3F2006D4EC4 /* BetterToStrings */; };
		CB7B9227276D29E00007766C /* PrimarySquareButtonStyle.swift in Sources */ = {isa = PBXBuildFile; fileRef = CB7B9226276D29E00007766C /* PrimarySquareButtonStyle.swift */; };
		CB7B9229276D29FA0007766C /* PrimaryButtonStyle.swift in Sources */ = {isa = PBXBuildFile; fileRef = CB7B9228276D29FA0007766C /* PrimaryButtonStyle.swift */; };
		CB9C4CAB262A136A007E38F1 /* Card.swift in Sources */ = {isa = PBXBuildFile; fileRef = CB9C4CAA262A136A007E38F1 /* Card.swift */; };
		CB9C4CB3262A2391007E38F1 /* InfoTileFront.swift in Sources */ = {isa = PBXBuildFile; fileRef = CB9C4CB2262A2391007E38F1 /* InfoTileFront.swift */; };
		CBAB7297261B338600ED0F94 /* APIKey.swift in Sources */ = {isa = PBXBuildFile; fileRef = 4583A842261A3E3700368001 /* APIKey.swift */; };
		CBAB7298261B338600ED0F94 /* APIError.swift in Sources */ = {isa = PBXBuildFile; fileRef = CB28AED32615D1FA00B48215 /* APIError.swift */; };
		CBAB7299261B338600ED0F94 /* AppStoreConnectApi.swift in Sources */ = {isa = PBXBuildFile; fileRef = 45CAC1142615CDBE00FF63E7 /* AppStoreConnectApi.swift */; };
		CBAB729A261B338600ED0F94 /* ACData.swift in Sources */ = {isa = PBXBuildFile; fileRef = CB28AED72615D21C00B48215 /* ACData.swift */; };
		CBAB729B261B338600ED0F94 /* CurrencyConverter.swift in Sources */ = {isa = PBXBuildFile; fileRef = 45E8C4C126126B34007F9B0E /* CurrencyConverter.swift */; };
		CBAB729C261B338600ED0F94 /* APIKey.swift in Sources */ = {isa = PBXBuildFile; fileRef = 4583A842261A3E3700368001 /* APIKey.swift */; };
		CBAB729D261B338600ED0F94 /* APIError.swift in Sources */ = {isa = PBXBuildFile; fileRef = CB28AED32615D1FA00B48215 /* APIError.swift */; };
		CBAB729E261B338600ED0F94 /* AppStoreConnectApi.swift in Sources */ = {isa = PBXBuildFile; fileRef = 45CAC1142615CDBE00FF63E7 /* AppStoreConnectApi.swift */; };
		CBAB729F261B338600ED0F94 /* ACData.swift in Sources */ = {isa = PBXBuildFile; fileRef = CB28AED72615D21C00B48215 /* ACData.swift */; };
		CBAB72A0261B338600ED0F94 /* CurrencyConverter.swift in Sources */ = {isa = PBXBuildFile; fileRef = 45E8C4C126126B34007F9B0E /* CurrencyConverter.swift */; };
		CBAB72A1261B338700ED0F94 /* APIKey.swift in Sources */ = {isa = PBXBuildFile; fileRef = 4583A842261A3E3700368001 /* APIKey.swift */; };
		CBAB72A2261B338700ED0F94 /* APIError.swift in Sources */ = {isa = PBXBuildFile; fileRef = CB28AED32615D1FA00B48215 /* APIError.swift */; };
		CBAB72A3261B338700ED0F94 /* AppStoreConnectApi.swift in Sources */ = {isa = PBXBuildFile; fileRef = 45CAC1142615CDBE00FF63E7 /* AppStoreConnectApi.swift */; };
		CBAB72A4261B338700ED0F94 /* ACData.swift in Sources */ = {isa = PBXBuildFile; fileRef = CB28AED72615D21C00B48215 /* ACData.swift */; };
		CBAB72A5261B338700ED0F94 /* CurrencyConverter.swift in Sources */ = {isa = PBXBuildFile; fileRef = 45E8C4C126126B34007F9B0E /* CurrencyConverter.swift */; };
		CBAB72AD261B33DF00ED0F94 /* AppStoreConnect-Swift-SDK in Frameworks */ = {isa = PBXBuildFile; productRef = CBAB72AC261B33DF00ED0F94 /* AppStoreConnect-Swift-SDK */; };
		CBAB72B2261B340C00ED0F94 /* Gzip in Frameworks */ = {isa = PBXBuildFile; productRef = CBAB72B1261B340C00ED0F94 /* Gzip */; };
		CBAB72B4261B340C00ED0F94 /* SwiftCSV in Frameworks */ = {isa = PBXBuildFile; productRef = CBAB72B3261B340C00ED0F94 /* SwiftCSV */; };
		CBB4A60526F3D8E40064EE9E /* InfoTile.swift in Sources */ = {isa = PBXBuildFile; fileRef = CBB4A60426F3D8E40064EE9E /* InfoTile.swift */; };
		CBB4A60726F3E6130064EE9E /* AppIconStack.swift in Sources */ = {isa = PBXBuildFile; fileRef = CBB4A60626F3E6130064EE9E /* AppIconStack.swift */; };
		CBB4A60826F3E9A10064EE9E /* AppIconStack.swift in Sources */ = {isa = PBXBuildFile; fileRef = CBB4A60626F3E6130064EE9E /* AppIconStack.swift */; };
		CBB4A60926F3E9A10064EE9E /* AppIconStack.swift in Sources */ = {isa = PBXBuildFile; fileRef = CBB4A60626F3E6130064EE9E /* AppIconStack.swift */; };
		CBB4A60A26F668510064EE9E /* Card.swift in Sources */ = {isa = PBXBuildFile; fileRef = CB9C4CAA262A136A007E38F1 /* Card.swift */; };
		CBB4A60D26F674880064EE9E /* SummaryExtraLarge.swift in Sources */ = {isa = PBXBuildFile; fileRef = CBB4A60C26F674880064EE9E /* SummaryExtraLarge.swift */; };
		CBB4A60E26F6779D0064EE9E /* PercentStackedBarChart.swift in Sources */ = {isa = PBXBuildFile; fileRef = CB77BBAC268D18E8006D4EC4 /* PercentStackedBarChart.swift */; };
		CBBBE74C2700F17D00DF7942 /* AppStoreNotice.swift in Sources */ = {isa = PBXBuildFile; fileRef = CBBBE74B2700F17D00DF7942 /* AppStoreNotice.swift */; };
		CBDFA497261E52F200719CC1 /* DynamicColor in Frameworks */ = {isa = PBXBuildFile; productRef = CBDFA496261E52F200719CC1 /* DynamicColor */; };
		CBDFA49F261E55EE00719CC1 /* DynamicColor in Frameworks */ = {isa = PBXBuildFile; productRef = CBDFA49E261E55EE00719CC1 /* DynamicColor */; };
		CBDFA4A1261E55F500719CC1 /* DynamicColor in Frameworks */ = {isa = PBXBuildFile; productRef = CBDFA4A0261E55F500719CC1 /* DynamicColor */; };
		CBEA7348262CD5B90095C39D /* KeySelectionView.swift in Sources */ = {isa = PBXBuildFile; fileRef = CBEA7347262CD5B90095C39D /* KeySelectionView.swift */; };
/* End PBXBuildFile section */

/* Begin PBXContainerItemProxy section */
		45E8C4A32612531E007F9B0E /* PBXContainerItemProxy */ = {
			isa = PBXContainerItemProxy;
			containerPortal = 45E8C4752612512E007F9B0E /* Project object */;
			proxyType = 1;
			remoteGlobalIDString = 45E8C4932612531D007F9B0E;
			remoteInfo = WidgetsExtension;
		};
		45FD5198261915F200603D8A /* PBXContainerItemProxy */ = {
			isa = PBXContainerItemProxy;
			containerPortal = 45E8C4752612512E007F9B0E /* Project object */;
			proxyType = 1;
			remoteGlobalIDString = 45FD5190261915F200603D8A;
			remoteInfo = WidgetIntentExtension;
		};
/* End PBXContainerItemProxy section */

/* Begin PBXCopyFilesBuildPhase section */
		45E8C4AA2612531E007F9B0E /* Embed App Extensions */ = {
			isa = PBXCopyFilesBuildPhase;
			buildActionMask = 2147483647;
			dstPath = "";
			dstSubfolderSpec = 13;
			files = (
				45FD519A261915F200603D8A /* WidgetIntentExtension.appex in Embed App Extensions */,
				45E8C4A52612531E007F9B0E /* WidgetsExtension.appex in Embed App Extensions */,
			);
			name = "Embed App Extensions";
			runOnlyForDeploymentPostprocessing = 0;
		};
/* End PBXCopyFilesBuildPhase section */

/* Begin PBXFileReference section */
		450FE05F276E1B9600BA1D7B /* RefreshableScrollView.swift */ = {isa = PBXFileReference; lastKnownFileType = sourcecode.swift; path = RefreshableScrollView.swift; sourceTree = "<group>"; };
		451A530127010A100094B5D6 /* en */ = {isa = PBXFileReference; lastKnownFileType = text.plist.strings; name = en; path = en.lproj/Widgets.strings; sourceTree = "<group>"; };
		451A530327010A110094B5D6 /* de */ = {isa = PBXFileReference; lastKnownFileType = text.plist.strings; name = de; path = de.lproj/Widgets.strings; sourceTree = "<group>"; };
		452A37F026161C97005CD1DA /* Extensions.swift */ = {isa = PBXFileReference; lastKnownFileType = sourcecode.swift; path = Extensions.swift; sourceTree = "<group>"; };
		4542C450261B912E00799E4B /* Preview Assets.xcassets */ = {isa = PBXFileReference; lastKnownFileType = folder.assetcatalog; path = "Preview Assets.xcassets"; sourceTree = "<group>"; };
		4552EE9D261CF3FF006C30B9 /* ACEntry.swift */ = {isa = PBXFileReference; lastKnownFileType = sourcecode.swift; path = ACEntry.swift; sourceTree = "<group>"; };
		4570D399261EE1FC006F50AA /* ACDataCache.swift */ = {isa = PBXFileReference; lastKnownFileType = sourcecode.swift; path = ACDataCache.swift; sourceTree = "<group>"; };
		457E715B268D12E5000AEBF6 /* RearrangeTilesView.swift */ = {isa = PBXFileReference; lastKnownFileType = sourcecode.swift; path = RearrangeTilesView.swift; sourceTree = "<group>"; };
		4583A842261A3E3700368001 /* APIKey.swift */ = {isa = PBXFileReference; lastKnownFileType = sourcecode.swift; path = APIKey.swift; sourceTree = "<group>"; };
		45AB9880276D34B40024597F /* CurrencyPicker.swift */ = {isa = PBXFileReference; lastKnownFileType = sourcecode.swift; path = CurrencyPicker.swift; sourceTree = "<group>"; };
		45B7C4592700F18300F3ECC4 /* UpdateView.swift */ = {isa = PBXFileReference; lastKnownFileType = sourcecode.swift; path = UpdateView.swift; sourceTree = "<group>"; };
		45B7C45B2700F2E400F3ECC4 /* UpdateDetailView.swift */ = {isa = PBXFileReference; lastKnownFileType = sourcecode.swift; path = UpdateDetailView.swift; sourceTree = "<group>"; };
		45C1A3F62619AC28006C1650 /* Base */ = {isa = PBXFileReference; lastKnownFileType = file.intentdefinition; name = Base; path = Base.lproj/Widgets.intentdefinition; sourceTree = "<group>"; };
		45CAC1142615CDBE00FF63E7 /* AppStoreConnectApi.swift */ = {isa = PBXFileReference; lastKnownFileType = sourcecode.swift; path = AppStoreConnectApi.swift; sourceTree = "<group>"; };
		45D2041C262CBEB000D0E889 /* ACApp.swift */ = {isa = PBXFileReference; lastKnownFileType = sourcecode.swift; path = ACApp.swift; sourceTree = "<group>"; };
		45E6FA34277B9EC400C5E426 /* AsyncButton.swift */ = {isa = PBXFileReference; lastKnownFileType = sourcecode.swift; path = AsyncButton.swift; sourceTree = "<group>"; };
		45E8C47D2612512E007F9B0E /* AC Widget.app */ = {isa = PBXFileReference; explicitFileType = wrapper.application; includeInIndex = 0; path = "AC Widget.app"; sourceTree = BUILT_PRODUCTS_DIR; };
		45E8C4802612512E007F9B0E /* AC_WidgetApp.swift */ = {isa = PBXFileReference; lastKnownFileType = sourcecode.swift; path = AC_WidgetApp.swift; sourceTree = "<group>"; };
		45E8C4822612512E007F9B0E /* ContentView.swift */ = {isa = PBXFileReference; lastKnownFileType = sourcecode.swift; path = ContentView.swift; sourceTree = "<group>"; };
		45E8C4842612512F007F9B0E /* Assets.xcassets */ = {isa = PBXFileReference; lastKnownFileType = folder.assetcatalog; path = Assets.xcassets; sourceTree = "<group>"; };
		45E8C4892612512F007F9B0E /* Info.plist */ = {isa = PBXFileReference; lastKnownFileType = text.plist.xml; path = Info.plist; sourceTree = "<group>"; };
		45E8C48F26125185007F9B0E /* AC Widget.entitlements */ = {isa = PBXFileReference; lastKnownFileType = text.plist.entitlements; path = "AC Widget.entitlements"; sourceTree = "<group>"; };
		45E8C4942612531D007F9B0E /* WidgetsExtension.appex */ = {isa = PBXFileReference; explicitFileType = "wrapper.app-extension"; includeInIndex = 0; path = WidgetsExtension.appex; sourceTree = BUILT_PRODUCTS_DIR; };
		45E8C4962612531D007F9B0E /* WidgetKit.framework */ = {isa = PBXFileReference; lastKnownFileType = wrapper.framework; name = WidgetKit.framework; path = System/Library/Frameworks/WidgetKit.framework; sourceTree = SDKROOT; };
		45E8C4982612531D007F9B0E /* SwiftUI.framework */ = {isa = PBXFileReference; lastKnownFileType = wrapper.framework; name = SwiftUI.framework; path = System/Library/Frameworks/SwiftUI.framework; sourceTree = SDKROOT; };
		45E8C49B2612531D007F9B0E /* Widgets.swift */ = {isa = PBXFileReference; lastKnownFileType = sourcecode.swift; path = Widgets.swift; sourceTree = "<group>"; };
		45E8C4A02612531E007F9B0E /* Info.plist */ = {isa = PBXFileReference; lastKnownFileType = text.plist.xml; path = Info.plist; sourceTree = "<group>"; };
		45E8C4A62612531E007F9B0E /* WidgetsExtension.entitlements */ = {isa = PBXFileReference; lastKnownFileType = text.plist.entitlements; path = WidgetsExtension.entitlements; sourceTree = "<group>"; };
		45E8C4C126126B34007F9B0E /* CurrencyConverter.swift */ = {isa = PBXFileReference; lastKnownFileType = sourcecode.swift; path = CurrencyConverter.swift; sourceTree = "<group>"; };
		45FD5191261915F200603D8A /* WidgetIntentExtension.appex */ = {isa = PBXFileReference; explicitFileType = "wrapper.app-extension"; includeInIndex = 0; path = WidgetIntentExtension.appex; sourceTree = BUILT_PRODUCTS_DIR; };
		45FD5192261915F200603D8A /* Intents.framework */ = {isa = PBXFileReference; lastKnownFileType = wrapper.framework; name = Intents.framework; path = System/Library/Frameworks/Intents.framework; sourceTree = SDKROOT; };
		45FD5195261915F200603D8A /* IntentHandler.swift */ = {isa = PBXFileReference; lastKnownFileType = sourcecode.swift; path = IntentHandler.swift; sourceTree = "<group>"; };
		45FD5197261915F200603D8A /* Info.plist */ = {isa = PBXFileReference; lastKnownFileType = text.plist.xml; path = Info.plist; sourceTree = "<group>"; };
		45FD519B261915F300603D8A /* WidgetIntentExtension.entitlements */ = {isa = PBXFileReference; lastKnownFileType = text.plist.entitlements; path = WidgetIntentExtension.entitlements; sourceTree = "<group>"; };
		CB28AED32615D1FA00B48215 /* APIError.swift */ = {isa = PBXFileReference; lastKnownFileType = sourcecode.swift; path = APIError.swift; sourceTree = "<group>"; };
		CB28AED72615D21C00B48215 /* ACData.swift */ = {isa = PBXFileReference; lastKnownFileType = sourcecode.swift; path = ACData.swift; sourceTree = "<group>"; };
		CB28AEDF2615D24400B48215 /* UnitText.swift */ = {isa = PBXFileReference; lastKnownFileType = sourcecode.swift; path = UnitText.swift; sourceTree = "<group>"; };
		CB28AEE42615D28F00B48215 /* SummarySmall.swift */ = {isa = PBXFileReference; lastKnownFileType = sourcecode.swift; path = SummarySmall.swift; sourceTree = "<group>"; };
		CB28AEE92615D2BB00B48215 /* SummaryMedium.swift */ = {isa = PBXFileReference; lastKnownFileType = sourcecode.swift; path = SummaryMedium.swift; sourceTree = "<group>"; };
		CB28AEEE2615D2E900B48215 /* ErrorWidget.swift */ = {isa = PBXFileReference; lastKnownFileType = sourcecode.swift; path = ErrorWidget.swift; sourceTree = "<group>"; };
		CB28AEFB2615F5E700B48215 /* GraphView.swift */ = {isa = PBXFileReference; lastKnownFileType = sourcecode.swift; path = GraphView.swift; sourceTree = "<group>"; };
		CB28AF002616163600B48215 /* SettingsView.swift */ = {isa = PBXFileReference; lastKnownFileType = sourcecode.swift; path = SettingsView.swift; sourceTree = "<group>"; };
		CB28AF0826161D5D00B48215 /* DescribedValueView.swift */ = {isa = PBXFileReference; lastKnownFileType = sourcecode.swift; path = DescribedValueView.swift; sourceTree = "<group>"; };
		CB2D236826433AB9003DA727 /* SummaryLarge.swift */ = {isa = PBXFileReference; lastKnownFileType = sourcecode.swift; path = SummaryLarge.swift; sourceTree = "<group>"; };
		CB436DDA26186B0C00A432B1 /* OnboardingView.swift */ = {isa = PBXFileReference; lastKnownFileType = sourcecode.swift; path = OnboardingView.swift; sourceTree = "<group>"; };
		CB436DDE261870D400A432B1 /* HomeView.swift */ = {isa = PBXFileReference; lastKnownFileType = sourcecode.swift; path = HomeView.swift; sourceTree = "<group>"; };
		CB436DED2618E80200A432B1 /* en */ = {isa = PBXFileReference; lastKnownFileType = text.plist.strings; name = en; path = en.lproj/Localizable.strings; sourceTree = "<group>"; };
		CB436DF12618E80600A432B1 /* de */ = {isa = PBXFileReference; lastKnownFileType = text.plist.strings; name = de; path = de.lproj/Localizable.strings; sourceTree = "<group>"; };
		CB436E12261A3F6E00A432B1 /* APIKeyDetailView.swift */ = {isa = PBXFileReference; lastKnownFileType = sourcecode.swift; path = APIKeyDetailView.swift; sourceTree = "<group>"; };
		CB61B0AB26EE952800624425 /* AppListView.swift */ = {isa = PBXFileReference; lastKnownFileType = sourcecode.swift; path = AppListView.swift; sourceTree = "<group>"; };
		CB77BBAA268D121E006D4EC4 /* CountryTile.swift */ = {isa = PBXFileReference; lastKnownFileType = sourcecode.swift; path = CountryTile.swift; sourceTree = "<group>"; };
		CB77BBAC268D18E8006D4EC4 /* PercentStackedBarChart.swift */ = {isa = PBXFileReference; lastKnownFileType = sourcecode.swift; path = PercentStackedBarChart.swift; sourceTree = "<group>"; };
		CB77BBAE268D1EF5006D4EC4 /* DeviceTile.swift */ = {isa = PBXFileReference; lastKnownFileType = sourcecode.swift; path = DeviceTile.swift; sourceTree = "<group>"; };
		CB7B9226276D29E00007766C /* PrimarySquareButtonStyle.swift */ = {isa = PBXFileReference; lastKnownFileType = sourcecode.swift; path = PrimarySquareButtonStyle.swift; sourceTree = "<group>"; };
		CB7B9228276D29FA0007766C /* PrimaryButtonStyle.swift */ = {isa = PBXFileReference; lastKnownFileType = sourcecode.swift; path = PrimaryButtonStyle.swift; sourceTree = "<group>"; };
		CB9C4CAA262A136A007E38F1 /* Card.swift */ = {isa = PBXFileReference; lastKnownFileType = sourcecode.swift; path = Card.swift; sourceTree = "<group>"; };
		CB9C4CB2262A2391007E38F1 /* InfoTileFront.swift */ = {isa = PBXFileReference; lastKnownFileType = sourcecode.swift; path = InfoTileFront.swift; sourceTree = "<group>"; };
		CBB4A60426F3D8E40064EE9E /* InfoTile.swift */ = {isa = PBXFileReference; lastKnownFileType = sourcecode.swift; path = InfoTile.swift; sourceTree = "<group>"; };
		CBB4A60626F3E6130064EE9E /* AppIconStack.swift */ = {isa = PBXFileReference; lastKnownFileType = sourcecode.swift; path = AppIconStack.swift; sourceTree = "<group>"; };
		CBB4A60C26F674880064EE9E /* SummaryExtraLarge.swift */ = {isa = PBXFileReference; lastKnownFileType = sourcecode.swift; path = SummaryExtraLarge.swift; sourceTree = "<group>"; };
		CBBBE74B2700F17D00DF7942 /* AppStoreNotice.swift */ = {isa = PBXFileReference; lastKnownFileType = sourcecode.swift; path = AppStoreNotice.swift; sourceTree = "<group>"; };
		CBEA7347262CD5B90095C39D /* KeySelectionView.swift */ = {isa = PBXFileReference; lastKnownFileType = sourcecode.swift; path = KeySelectionView.swift; sourceTree = "<group>"; };
/* End PBXFileReference section */

/* Begin PBXFrameworksBuildPhase section */
		45E8C47A2612512E007F9B0E /* Frameworks */ = {
			isa = PBXFrameworksBuildPhase;
			buildActionMask = 2147483647;
			files = (
				CB77BBB22691F19A006D4EC4 /* BetterToStrings in Frameworks */,
				45E8C4C0261268D4007F9B0E /* SwiftCSV in Frameworks */,
				456187F426F66FE400FAE4F8 /* KeychainAccess in Frameworks */,
				CBDFA497261E52F200719CC1 /* DynamicColor in Frameworks */,
				45E8C4BD261267FB007F9B0E /* Gzip in Frameworks */,
				45CAC1092615CB8100FF63E7 /* AppStoreConnect-Swift-SDK in Frameworks */,
			);
			runOnlyForDeploymentPostprocessing = 0;
		};
		45E8C4912612531D007F9B0E /* Frameworks */ = {
			isa = PBXFrameworksBuildPhase;
			buildActionMask = 2147483647;
			files = (
				45E8C4992612531D007F9B0E /* SwiftUI.framework in Frameworks */,
				45CAC10F2615CBCB00FF63E7 /* AppStoreConnect-Swift-SDK in Frameworks */,
				456187F626F6741A00FAE4F8 /* KeychainAccess in Frameworks */,
				CB77BBB42691F3EC006D4EC4 /* BetterToStrings in Frameworks */,
				CBDFA49F261E55EE00719CC1 /* DynamicColor in Frameworks */,
				45CAC10D2615CBC700FF63E7 /* SwiftCSV in Frameworks */,
				45E8C4972612531D007F9B0E /* WidgetKit.framework in Frameworks */,
				45CAC10B2615CBC200FF63E7 /* Gzip in Frameworks */,
			);
			runOnlyForDeploymentPostprocessing = 0;
		};
		45FD518E261915F200603D8A /* Frameworks */ = {
			isa = PBXFrameworksBuildPhase;
			buildActionMask = 2147483647;
			files = (
				CB77BBB62691F3F2006D4EC4 /* BetterToStrings in Frameworks */,
				CBAB72AD261B33DF00ED0F94 /* AppStoreConnect-Swift-SDK in Frameworks */,
				456187F826F6742100FAE4F8 /* KeychainAccess in Frameworks */,
				CBDFA4A1261E55F500719CC1 /* DynamicColor in Frameworks */,
				CBAB72B4261B340C00ED0F94 /* SwiftCSV in Frameworks */,
				CBAB72B2261B340C00ED0F94 /* Gzip in Frameworks */,
			);
			runOnlyForDeploymentPostprocessing = 0;
		};
/* End PBXFrameworksBuildPhase section */

/* Begin PBXGroup section */
		4542C44F261B912E00799E4B /* Preview Content */ = {
			isa = PBXGroup;
			children = (
				4542C450261B912E00799E4B /* Preview Assets.xcassets */,
			);
			path = "Preview Content";
			sourceTree = "<group>";
		};
		45E8C4742612512E007F9B0E = {
			isa = PBXGroup;
			children = (
				45E8C4A62612531E007F9B0E /* WidgetsExtension.entitlements */,
				45E8C47F2612512E007F9B0E /* AC Widget */,
				45E8C49A2612531D007F9B0E /* Widgets */,
				45FD5194261915F200603D8A /* WidgetIntentExtension */,
				45E8C4952612531D007F9B0E /* Frameworks */,
				45E8C47E2612512E007F9B0E /* Products */,
			);
			sourceTree = "<group>";
		};
		45E8C47E2612512E007F9B0E /* Products */ = {
			isa = PBXGroup;
			children = (
				45E8C47D2612512E007F9B0E /* AC Widget.app */,
				45E8C4942612531D007F9B0E /* WidgetsExtension.appex */,
				45FD5191261915F200603D8A /* WidgetIntentExtension.appex */,
			);
			name = Products;
			sourceTree = "<group>";
		};
		45E8C47F2612512E007F9B0E /* AC Widget */ = {
			isa = PBXGroup;
			children = (
				45E8C48F26125185007F9B0E /* AC Widget.entitlements */,
				45E8C4802612512E007F9B0E /* AC_WidgetApp.swift */,
				45E8C4822612512E007F9B0E /* ContentView.swift */,
				CBAB7280261B32A400ED0F94 /* Application */,
				CBAB7284261B32C700ED0F94 /* API */,
				CBAB728C261B330400ED0F94 /* Components */,
				452A37F026161C97005CD1DA /* Extensions.swift */,
				CB436DEE2618E80200A432B1 /* Localizable.strings */,
				45E8C4842612512F007F9B0E /* Assets.xcassets */,
				45E8C4892612512F007F9B0E /* Info.plist */,
				4542C44F261B912E00799E4B /* Preview Content */,
			);
			path = "AC Widget";
			sourceTree = "<group>";
		};
		45E8C4952612531D007F9B0E /* Frameworks */ = {
			isa = PBXGroup;
			children = (
				45E8C4962612531D007F9B0E /* WidgetKit.framework */,
				45E8C4982612531D007F9B0E /* SwiftUI.framework */,
				45FD5192261915F200603D8A /* Intents.framework */,
			);
			name = Frameworks;
			sourceTree = "<group>";
		};
		45E8C49A2612531D007F9B0E /* Widgets */ = {
			isa = PBXGroup;
			children = (
				45E8C49B2612531D007F9B0E /* Widgets.swift */,
				CB28AEE42615D28F00B48215 /* SummarySmall.swift */,
				CB28AEE92615D2BB00B48215 /* SummaryMedium.swift */,
				CB2D236826433AB9003DA727 /* SummaryLarge.swift */,
				CBB4A60C26F674880064EE9E /* SummaryExtraLarge.swift */,
				CB28AEEE2615D2E900B48215 /* ErrorWidget.swift */,
				45C1A3F72619AC28006C1650 /* Widgets.intentdefinition */,
				45E8C4A02612531E007F9B0E /* Info.plist */,
			);
			path = Widgets;
			sourceTree = "<group>";
		};
		45FD5194261915F200603D8A /* WidgetIntentExtension */ = {
			isa = PBXGroup;
			children = (
				45FD519B261915F300603D8A /* WidgetIntentExtension.entitlements */,
				45FD5195261915F200603D8A /* IntentHandler.swift */,
				45FD5197261915F200603D8A /* Info.plist */,
			);
			path = WidgetIntentExtension;
			sourceTree = "<group>";
		};
		CB7B9225276D299A0007766C /* ButtonStyles */ = {
			isa = PBXGroup;
			children = (
				CB7B9228276D29FA0007766C /* PrimaryButtonStyle.swift */,
				CB7B9226276D29E00007766C /* PrimarySquareButtonStyle.swift */,
			);
			path = ButtonStyles;
			sourceTree = "<group>";
		};
		CBAB7280261B32A400ED0F94 /* Application */ = {
			isa = PBXGroup;
			children = (
				CB436DDE261870D400A432B1 /* HomeView.swift */,
				CBEA7347262CD5B90095C39D /* KeySelectionView.swift */,
				CB61B0AB26EE952800624425 /* AppListView.swift */,
				CB28AF002616163600B48215 /* SettingsView.swift */,
				CB436E12261A3F6E00A432B1 /* APIKeyDetailView.swift */,
				CB436DDA26186B0C00A432B1 /* OnboardingView.swift */,
				457E715B268D12E5000AEBF6 /* RearrangeTilesView.swift */,
				45B7C4592700F18300F3ECC4 /* UpdateView.swift */,
			);
			path = Application;
			sourceTree = "<group>";
		};
		CBAB7284261B32C700ED0F94 /* API */ = {
			isa = PBXGroup;
			children = (
				45CAC1142615CDBE00FF63E7 /* AppStoreConnectApi.swift */,
				4583A842261A3E3700368001 /* APIKey.swift */,
				CB28AED32615D1FA00B48215 /* APIError.swift */,
				CB28AED72615D21C00B48215 /* ACData.swift */,
				45E8C4C126126B34007F9B0E /* CurrencyConverter.swift */,
				4552EE9D261CF3FF006C30B9 /* ACEntry.swift */,
				4570D399261EE1FC006F50AA /* ACDataCache.swift */,
				45D2041C262CBEB000D0E889 /* ACApp.swift */,
			);
			path = API;
			sourceTree = "<group>";
		};
		CBAB728C261B330400ED0F94 /* Components */ = {
			isa = PBXGroup;
			children = (
				CB7B9225276D299A0007766C /* ButtonStyles */,
				CB9C4CAA262A136A007E38F1 /* Card.swift */,
				CB28AEFB2615F5E700B48215 /* GraphView.swift */,
				CB77BBAC268D18E8006D4EC4 /* PercentStackedBarChart.swift */,
				CBB4A60426F3D8E40064EE9E /* InfoTile.swift */,
				CB9C4CB2262A2391007E38F1 /* InfoTileFront.swift */,
				CB77BBAA268D121E006D4EC4 /* CountryTile.swift */,
				CB77BBAE268D1EF5006D4EC4 /* DeviceTile.swift */,
				CB28AEDF2615D24400B48215 /* UnitText.swift */,
				CB28AF0826161D5D00B48215 /* DescribedValueView.swift */,
				CBB4A60626F3E6130064EE9E /* AppIconStack.swift */,
				CBBBE74B2700F17D00DF7942 /* AppStoreNotice.swift */,
				45B7C45B2700F2E400F3ECC4 /* UpdateDetailView.swift */,
				45AB9880276D34B40024597F /* CurrencyPicker.swift */,
				450FE05F276E1B9600BA1D7B /* RefreshableScrollView.swift */,
				45E6FA34277B9EC400C5E426 /* AsyncButton.swift */,
			);
			path = Components;
			sourceTree = "<group>";
		};
/* End PBXGroup section */

/* Begin PBXNativeTarget section */
		45E8C47C2612512E007F9B0E /* AC Widget */ = {
			isa = PBXNativeTarget;
			buildConfigurationList = 45E8C48C2612512F007F9B0E /* Build configuration list for PBXNativeTarget "AC Widget" */;
			buildPhases = (
				45440454261A4D4D0032D256 /* Linting */,
				45E8C4792612512E007F9B0E /* Sources */,
				45E8C47A2612512E007F9B0E /* Frameworks */,
				45E8C47B2612512E007F9B0E /* Resources */,
				45E8C4AA2612531E007F9B0E /* Embed App Extensions */,
			);
			buildRules = (
			);
			dependencies = (
				45E8C4A42612531E007F9B0E /* PBXTargetDependency */,
				45FD5199261915F200603D8A /* PBXTargetDependency */,
			);
			name = "AC Widget";
			packageProductDependencies = (
				45E8C4BC261267FB007F9B0E /* Gzip */,
				45E8C4BF261268D4007F9B0E /* SwiftCSV */,
				45CAC1082615CB8100FF63E7 /* AppStoreConnect-Swift-SDK */,
				CBDFA496261E52F200719CC1 /* DynamicColor */,
				CB77BBB12691F19A006D4EC4 /* BetterToStrings */,
				456187F326F66FE400FAE4F8 /* KeychainAccess */,
			);
			productName = "AC Widget";
			productReference = 45E8C47D2612512E007F9B0E /* AC Widget.app */;
			productType = "com.apple.product-type.application";
		};
		45E8C4932612531D007F9B0E /* WidgetsExtension */ = {
			isa = PBXNativeTarget;
			buildConfigurationList = 45E8C4A72612531E007F9B0E /* Build configuration list for PBXNativeTarget "WidgetsExtension" */;
			buildPhases = (
				45E8C4902612531D007F9B0E /* Sources */,
				45E8C4912612531D007F9B0E /* Frameworks */,
				45E8C4922612531D007F9B0E /* Resources */,
			);
			buildRules = (
			);
			dependencies = (
			);
			name = WidgetsExtension;
			packageProductDependencies = (
				45CAC10A2615CBC200FF63E7 /* Gzip */,
				45CAC10C2615CBC700FF63E7 /* SwiftCSV */,
				45CAC10E2615CBCB00FF63E7 /* AppStoreConnect-Swift-SDK */,
				CBDFA49E261E55EE00719CC1 /* DynamicColor */,
				CB77BBB32691F3EC006D4EC4 /* BetterToStrings */,
				456187F526F6741A00FAE4F8 /* KeychainAccess */,
			);
			productName = WidgetsExtension;
			productReference = 45E8C4942612531D007F9B0E /* WidgetsExtension.appex */;
			productType = "com.apple.product-type.app-extension";
		};
		45FD5190261915F200603D8A /* WidgetIntentExtension */ = {
			isa = PBXNativeTarget;
			buildConfigurationList = 45FD519C261915F300603D8A /* Build configuration list for PBXNativeTarget "WidgetIntentExtension" */;
			buildPhases = (
				45FD518D261915F200603D8A /* Sources */,
				45FD518E261915F200603D8A /* Frameworks */,
				45FD518F261915F200603D8A /* Resources */,
			);
			buildRules = (
			);
			dependencies = (
			);
			name = WidgetIntentExtension;
			packageProductDependencies = (
				CBAB72AC261B33DF00ED0F94 /* AppStoreConnect-Swift-SDK */,
				CBAB72B1261B340C00ED0F94 /* Gzip */,
				CBAB72B3261B340C00ED0F94 /* SwiftCSV */,
				CBDFA4A0261E55F500719CC1 /* DynamicColor */,
				CB77BBB52691F3F2006D4EC4 /* BetterToStrings */,
				456187F726F6742100FAE4F8 /* KeychainAccess */,
			);
			productName = WidgetIntentExtension;
			productReference = 45FD5191261915F200603D8A /* WidgetIntentExtension.appex */;
			productType = "com.apple.product-type.app-extension";
		};
/* End PBXNativeTarget section */

/* Begin PBXProject section */
		45E8C4752612512E007F9B0E /* Project object */ = {
			isa = PBXProject;
			attributes = {
				LastSwiftUpdateCheck = 1240;
				LastUpgradeCheck = 1250;
				TargetAttributes = {
					45E8C47C2612512E007F9B0E = {
						CreatedOnToolsVersion = 12.5;
					};
					45E8C4932612531D007F9B0E = {
						CreatedOnToolsVersion = 12.5;
					};
					45FD5190261915F200603D8A = {
						CreatedOnToolsVersion = 12.4;
					};
				};
			};
			buildConfigurationList = 45E8C4782612512E007F9B0E /* Build configuration list for PBXProject "AC Widget" */;
			compatibilityVersion = "Xcode 9.3";
			developmentRegion = en;
			hasScannedForEncodings = 0;
			knownRegions = (
				en,
				Base,
				de,
			);
			mainGroup = 45E8C4742612512E007F9B0E;
			packageReferences = (
				45E8C4BB261267FB007F9B0E /* XCRemoteSwiftPackageReference "GzipSwift" */,
				45E8C4BE261268D4007F9B0E /* XCRemoteSwiftPackageReference "SwiftCSV" */,
				45CAC1072615CB8100FF63E7 /* XCRemoteSwiftPackageReference "appstoreconnect-swift-sdk" */,
				CBDFA495261E52F200719CC1 /* XCRemoteSwiftPackageReference "DynamicColor" */,
				CB77BBB02691F19A006D4EC4 /* XCRemoteSwiftPackageReference "BetterToStrings" */,
				456187F226F66FE400FAE4F8 /* XCRemoteSwiftPackageReference "KeychainAccess" */,
			);
			productRefGroup = 45E8C47E2612512E007F9B0E /* Products */;
			projectDirPath = "";
			projectRoot = "";
			targets = (
				45E8C47C2612512E007F9B0E /* AC Widget */,
				45E8C4932612531D007F9B0E /* WidgetsExtension */,
				45FD5190261915F200603D8A /* WidgetIntentExtension */,
			);
		};
/* End PBXProject section */

/* Begin PBXResourcesBuildPhase section */
		45E8C47B2612512E007F9B0E /* Resources */ = {
			isa = PBXResourcesBuildPhase;
			buildActionMask = 2147483647;
			files = (
				4542C451261B912E00799E4B /* Preview Assets.xcassets in Resources */,
				CB436DEB2618E80200A432B1 /* Localizable.strings in Resources */,
				45E8C4852612512F007F9B0E /* Assets.xcassets in Resources */,
			);
			runOnlyForDeploymentPostprocessing = 0;
		};
		45E8C4922612531D007F9B0E /* Resources */ = {
			isa = PBXResourcesBuildPhase;
			buildActionMask = 2147483647;
			files = (
				CB400DDE26162EAA009E14E1 /* Assets.xcassets in Resources */,
				CB436DEC2618E80200A432B1 /* Localizable.strings in Resources */,
			);
			runOnlyForDeploymentPostprocessing = 0;
		};
		45FD518F261915F200603D8A /* Resources */ = {
			isa = PBXResourcesBuildPhase;
			buildActionMask = 2147483647;
			files = (
				45C1A3FC2619B035006C1650 /* Localizable.strings in Resources */,
			);
			runOnlyForDeploymentPostprocessing = 0;
		};
/* End PBXResourcesBuildPhase section */

/* Begin PBXShellScriptBuildPhase section */
		45440454261A4D4D0032D256 /* Linting */ = {
			isa = PBXShellScriptBuildPhase;
			buildActionMask = 2147483647;
			files = (
			);
			inputFileListPaths = (
			);
			inputPaths = (
			);
			name = Linting;
			outputFileListPaths = (
			);
			outputPaths = (
			);
			runOnlyForDeploymentPostprocessing = 0;
			shellPath = /bin/sh;
			shellScript = "if test -d \"/opt/homebrew/bin/\"; then\n  PATH=\"/opt/homebrew/bin/:${PATH}\"\nfi\n\nexport PATH\n\nif which swiftlint >/dev/null; then\n    swiftlint autocorrect && swiftlint \nelse\n echo \"warning: SwiftLint not installed, download from https://github.com/realm/SwiftLint\"\nfi\n";
		};
/* End PBXShellScriptBuildPhase section */

/* Begin PBXSourcesBuildPhase section */
		45E8C4792612512E007F9B0E /* Sources */ = {
			isa = PBXSourcesBuildPhase;
			buildActionMask = 2147483647;
			files = (
				45E8C4832612512E007F9B0E /* ContentView.swift in Sources */,
				CB28AEE52615D28F00B48215 /* SummarySmall.swift in Sources */,
				45C1A3F32619AC28006C1650 /* Widgets.intentdefinition in Sources */,
				CBEA7348262CD5B90095C39D /* KeySelectionView.swift in Sources */,
				CB436DDF261870D400A432B1 /* HomeView.swift in Sources */,
				CB77BBAF268D1EF5006D4EC4 /* DeviceTile.swift in Sources */,
				CB77BBAB268D121E006D4EC4 /* CountryTile.swift in Sources */,
				4570D39A261EE1FC006F50AA /* ACDataCache.swift in Sources */,
				CBAB729C261B338600ED0F94 /* APIKey.swift in Sources */,
				CB28AEEA2615D2BB00B48215 /* SummaryMedium.swift in Sources */,
				CBAB72A0261B338600ED0F94 /* CurrencyConverter.swift in Sources */,
				CB77BBAD268D18E8006D4EC4 /* PercentStackedBarChart.swift in Sources */,
				CBB4A60526F3D8E40064EE9E /* InfoTile.swift in Sources */,
				CB28AEEF2615D2E900B48215 /* ErrorWidget.swift in Sources */,
				CB436E13261A3F6E00A432B1 /* APIKeyDetailView.swift in Sources */,
				45E6FA35277B9EC400C5E426 /* AsyncButton.swift in Sources */,
				45E8C4812612512E007F9B0E /* AC_WidgetApp.swift in Sources */,
				CB2D236926433AB9003DA727 /* SummaryLarge.swift in Sources */,
				45D2041D262CBEB000D0E889 /* ACApp.swift in Sources */,
				CB9C4CB3262A2391007E38F1 /* InfoTileFront.swift in Sources */,
				450FE060276E1B9600BA1D7B /* RefreshableScrollView.swift in Sources */,
				CB7B9227276D29E00007766C /* PrimarySquareButtonStyle.swift in Sources */,
				CB7B9229276D29FA0007766C /* PrimaryButtonStyle.swift in Sources */,
				45B7C45C2700F2E400F3ECC4 /* UpdateDetailView.swift in Sources */,
				CB28AEE02615D24400B48215 /* UnitText.swift in Sources */,
				CB28AF0926161D5E00B48215 /* DescribedValueView.swift in Sources */,
				45AB9881276D34B40024597F /* CurrencyPicker.swift in Sources */,
				45B7C45A2700F18300F3ECC4 /* UpdateView.swift in Sources */,
				CB28AEFC2615F5E700B48215 /* GraphView.swift in Sources */,
				CB436DDB26186B0C00A432B1 /* OnboardingView.swift in Sources */,
				4552EE9E261CF3FF006C30B9 /* ACEntry.swift in Sources */,
				CBAB729D261B338600ED0F94 /* APIError.swift in Sources */,
				CB61B0AC26EE952800624425 /* AppListView.swift in Sources */,
				CBB4A60726F3E6130064EE9E /* AppIconStack.swift in Sources */,
				CB28AF012616163600B48215 /* SettingsView.swift in Sources */,
				452A37F126161C97005CD1DA /* Extensions.swift in Sources */,
				CBBBE74C2700F17D00DF7942 /* AppStoreNotice.swift in Sources */,
				457E715C268D12E5000AEBF6 /* RearrangeTilesView.swift in Sources */,
				CBAB729E261B338600ED0F94 /* AppStoreConnectApi.swift in Sources */,
				CBAB729F261B338600ED0F94 /* ACData.swift in Sources */,
				CB9C4CAB262A136A007E38F1 /* Card.swift in Sources */,
			);
			runOnlyForDeploymentPostprocessing = 0;
		};
		45E8C4902612531D007F9B0E /* Sources */ = {
			isa = PBXSourcesBuildPhase;
			buildActionMask = 2147483647;
			files = (
				45CFAAAC261A6E2100E0E285 /* IntentHandler.swift in Sources */,
				4570D39B261EE1FC006F50AA /* ACDataCache.swift in Sources */,
				CB28AEFD2615F5E700B48215 /* GraphView.swift in Sources */,
				CB28AEEB2615D2BB00B48215 /* SummaryMedium.swift in Sources */,
				CB28AEE12615D24400B48215 /* UnitText.swift in Sources */,
				45D2041E262CBEB000D0E889 /* ACApp.swift in Sources */,
				CB28AEE62615D28F00B48215 /* SummarySmall.swift in Sources */,
				CBAB7298261B338600ED0F94 /* APIError.swift in Sources */,
				CBAB729B261B338600ED0F94 /* CurrencyConverter.swift in Sources */,
				CBB4A60826F3E9A10064EE9E /* AppIconStack.swift in Sources */,
				452A37F226161C97005CD1DA /* Extensions.swift in Sources */,
				CBAB729A261B338600ED0F94 /* ACData.swift in Sources */,
				CB2D236A26433AB9003DA727 /* SummaryLarge.swift in Sources */,
				CBB4A60D26F674880064EE9E /* SummaryExtraLarge.swift in Sources */,
				CBAB7297261B338600ED0F94 /* APIKey.swift in Sources */,
				CBAB7299261B338600ED0F94 /* AppStoreConnectApi.swift in Sources */,
				45C1A3F42619AC28006C1650 /* Widgets.intentdefinition in Sources */,
				CBB4A60A26F668510064EE9E /* Card.swift in Sources */,
				CB28AF0A26161D5E00B48215 /* DescribedValueView.swift in Sources */,
				45E8C49C2612531D007F9B0E /* Widgets.swift in Sources */,
				4552EE9F261CF400006C30B9 /* ACEntry.swift in Sources */,
				CB28AEF02615D2E900B48215 /* ErrorWidget.swift in Sources */,
				CBB4A60E26F6779D0064EE9E /* PercentStackedBarChart.swift in Sources */,
			);
			runOnlyForDeploymentPostprocessing = 0;
		};
		45FD518D261915F200603D8A /* Sources */ = {
			isa = PBXSourcesBuildPhase;
			buildActionMask = 2147483647;
			files = (
				CBAB72A4261B338700ED0F94 /* ACData.swift in Sources */,
				4583A87F261A43FE00368001 /* Widgets.intentdefinition in Sources */,
				45FD5196261915F200603D8A /* IntentHandler.swift in Sources */,
				CBAB72A1261B338700ED0F94 /* APIKey.swift in Sources */,
				CBAB72A2261B338700ED0F94 /* APIError.swift in Sources */,
				CBB4A60926F3E9A10064EE9E /* AppIconStack.swift in Sources */,
				CBAB72A5261B338700ED0F94 /* CurrencyConverter.swift in Sources */,
				4542D60226276F8100B79E10 /* ACDataCache.swift in Sources */,
				45C1A3FF2619B402006C1650 /* Extensions.swift in Sources */,
				4552EEA0261CFB99006C30B9 /* ACEntry.swift in Sources */,
				45D2041F262CBEB000D0E889 /* ACApp.swift in Sources */,
				CBAB72A3261B338700ED0F94 /* AppStoreConnectApi.swift in Sources */,
			);
			runOnlyForDeploymentPostprocessing = 0;
		};
/* End PBXSourcesBuildPhase section */

/* Begin PBXTargetDependency section */
		45E8C4A42612531E007F9B0E /* PBXTargetDependency */ = {
			isa = PBXTargetDependency;
			target = 45E8C4932612531D007F9B0E /* WidgetsExtension */;
			targetProxy = 45E8C4A32612531E007F9B0E /* PBXContainerItemProxy */;
		};
		45FD5199261915F200603D8A /* PBXTargetDependency */ = {
			isa = PBXTargetDependency;
			target = 45FD5190261915F200603D8A /* WidgetIntentExtension */;
			targetProxy = 45FD5198261915F200603D8A /* PBXContainerItemProxy */;
		};
/* End PBXTargetDependency section */

/* Begin PBXVariantGroup section */
		45C1A3F72619AC28006C1650 /* Widgets.intentdefinition */ = {
			isa = PBXVariantGroup;
			children = (
				45C1A3F62619AC28006C1650 /* Base */,
				451A530127010A100094B5D6 /* en */,
				451A530327010A110094B5D6 /* de */,
			);
			name = Widgets.intentdefinition;
			sourceTree = "<group>";
		};
		CB436DEE2618E80200A432B1 /* Localizable.strings */ = {
			isa = PBXVariantGroup;
			children = (
				CB436DED2618E80200A432B1 /* en */,
				CB436DF12618E80600A432B1 /* de */,
			);
			name = Localizable.strings;
			sourceTree = "<group>";
		};
/* End PBXVariantGroup section */

/* Begin XCBuildConfiguration section */
		45E8C48A2612512F007F9B0E /* Debug */ = {
			isa = XCBuildConfiguration;
			buildSettings = {
				ALWAYS_SEARCH_USER_PATHS = NO;
				CLANG_ANALYZER_LOCALIZABILITY_NONLOCALIZED = YES;
				CLANG_ANALYZER_NONNULL = YES;
				CLANG_ANALYZER_NUMBER_OBJECT_CONVERSION = YES_AGGRESSIVE;
				CLANG_CXX_LANGUAGE_STANDARD = "gnu++14";
				CLANG_CXX_LIBRARY = "libc++";
				CLANG_ENABLE_MODULES = YES;
				CLANG_ENABLE_OBJC_ARC = YES;
				CLANG_ENABLE_OBJC_WEAK = YES;
				CLANG_WARN_BLOCK_CAPTURE_AUTORELEASING = YES;
				CLANG_WARN_BOOL_CONVERSION = YES;
				CLANG_WARN_COMMA = YES;
				CLANG_WARN_CONSTANT_CONVERSION = YES;
				CLANG_WARN_DEPRECATED_OBJC_IMPLEMENTATIONS = YES;
				CLANG_WARN_DIRECT_OBJC_ISA_USAGE = YES_ERROR;
				CLANG_WARN_DOCUMENTATION_COMMENTS = YES;
				CLANG_WARN_EMPTY_BODY = YES;
				CLANG_WARN_ENUM_CONVERSION = YES;
				CLANG_WARN_INFINITE_RECURSION = YES;
				CLANG_WARN_INT_CONVERSION = YES;
				CLANG_WARN_NON_LITERAL_NULL_CONVERSION = YES;
				CLANG_WARN_OBJC_IMPLICIT_RETAIN_SELF = YES;
				CLANG_WARN_OBJC_LITERAL_CONVERSION = YES;
				CLANG_WARN_OBJC_ROOT_CLASS = YES_ERROR;
				CLANG_WARN_QUOTED_INCLUDE_IN_FRAMEWORK_HEADER = YES;
				CLANG_WARN_RANGE_LOOP_ANALYSIS = YES;
				CLANG_WARN_STRICT_PROTOTYPES = YES;
				CLANG_WARN_SUSPICIOUS_MOVE = YES;
				CLANG_WARN_UNGUARDED_AVAILABILITY = YES_AGGRESSIVE;
				CLANG_WARN_UNREACHABLE_CODE = YES;
				CLANG_WARN__DUPLICATE_METHOD_MATCH = YES;
				COPY_PHASE_STRIP = NO;
				DEBUG_INFORMATION_FORMAT = dwarf;
				ENABLE_STRICT_OBJC_MSGSEND = YES;
				ENABLE_TESTABILITY = YES;
				GCC_C_LANGUAGE_STANDARD = gnu11;
				GCC_DYNAMIC_NO_PIC = NO;
				GCC_NO_COMMON_BLOCKS = YES;
				GCC_OPTIMIZATION_LEVEL = 0;
				GCC_PREPROCESSOR_DEFINITIONS = (
					"DEBUG=1",
					"$(inherited)",
				);
				GCC_WARN_64_TO_32_BIT_CONVERSION = YES;
				GCC_WARN_ABOUT_RETURN_TYPE = YES_ERROR;
				GCC_WARN_UNDECLARED_SELECTOR = YES;
				GCC_WARN_UNINITIALIZED_AUTOS = YES_AGGRESSIVE;
				GCC_WARN_UNUSED_FUNCTION = YES;
				GCC_WARN_UNUSED_VARIABLE = YES;
				IPHONEOS_DEPLOYMENT_TARGET = 14.1;
				MTL_ENABLE_DEBUG_INFO = INCLUDE_SOURCE;
				MTL_FAST_MATH = YES;
				ONLY_ACTIVE_ARCH = YES;
				SDKROOT = iphoneos;
				SWIFT_ACTIVE_COMPILATION_CONDITIONS = DEBUG;
				SWIFT_OPTIMIZATION_LEVEL = "-Onone";
			};
			name = Debug;
		};
		45E8C48B2612512F007F9B0E /* Release */ = {
			isa = XCBuildConfiguration;
			buildSettings = {
				ALWAYS_SEARCH_USER_PATHS = NO;
				CLANG_ANALYZER_LOCALIZABILITY_NONLOCALIZED = YES;
				CLANG_ANALYZER_NONNULL = YES;
				CLANG_ANALYZER_NUMBER_OBJECT_CONVERSION = YES_AGGRESSIVE;
				CLANG_CXX_LANGUAGE_STANDARD = "gnu++14";
				CLANG_CXX_LIBRARY = "libc++";
				CLANG_ENABLE_MODULES = YES;
				CLANG_ENABLE_OBJC_ARC = YES;
				CLANG_ENABLE_OBJC_WEAK = YES;
				CLANG_WARN_BLOCK_CAPTURE_AUTORELEASING = YES;
				CLANG_WARN_BOOL_CONVERSION = YES;
				CLANG_WARN_COMMA = YES;
				CLANG_WARN_CONSTANT_CONVERSION = YES;
				CLANG_WARN_DEPRECATED_OBJC_IMPLEMENTATIONS = YES;
				CLANG_WARN_DIRECT_OBJC_ISA_USAGE = YES_ERROR;
				CLANG_WARN_DOCUMENTATION_COMMENTS = YES;
				CLANG_WARN_EMPTY_BODY = YES;
				CLANG_WARN_ENUM_CONVERSION = YES;
				CLANG_WARN_INFINITE_RECURSION = YES;
				CLANG_WARN_INT_CONVERSION = YES;
				CLANG_WARN_NON_LITERAL_NULL_CONVERSION = YES;
				CLANG_WARN_OBJC_IMPLICIT_RETAIN_SELF = YES;
				CLANG_WARN_OBJC_LITERAL_CONVERSION = YES;
				CLANG_WARN_OBJC_ROOT_CLASS = YES_ERROR;
				CLANG_WARN_QUOTED_INCLUDE_IN_FRAMEWORK_HEADER = YES;
				CLANG_WARN_RANGE_LOOP_ANALYSIS = YES;
				CLANG_WARN_STRICT_PROTOTYPES = YES;
				CLANG_WARN_SUSPICIOUS_MOVE = YES;
				CLANG_WARN_UNGUARDED_AVAILABILITY = YES_AGGRESSIVE;
				CLANG_WARN_UNREACHABLE_CODE = YES;
				CLANG_WARN__DUPLICATE_METHOD_MATCH = YES;
				COPY_PHASE_STRIP = NO;
				DEBUG_INFORMATION_FORMAT = "dwarf-with-dsym";
				ENABLE_NS_ASSERTIONS = NO;
				ENABLE_STRICT_OBJC_MSGSEND = YES;
				GCC_C_LANGUAGE_STANDARD = gnu11;
				GCC_NO_COMMON_BLOCKS = YES;
				GCC_WARN_64_TO_32_BIT_CONVERSION = YES;
				GCC_WARN_ABOUT_RETURN_TYPE = YES_ERROR;
				GCC_WARN_UNDECLARED_SELECTOR = YES;
				GCC_WARN_UNINITIALIZED_AUTOS = YES_AGGRESSIVE;
				GCC_WARN_UNUSED_FUNCTION = YES;
				GCC_WARN_UNUSED_VARIABLE = YES;
				IPHONEOS_DEPLOYMENT_TARGET = 14.1;
				MTL_ENABLE_DEBUG_INFO = NO;
				MTL_FAST_MATH = YES;
				SDKROOT = iphoneos;
				SWIFT_COMPILATION_MODE = wholemodule;
				SWIFT_OPTIMIZATION_LEVEL = "-O";
				VALIDATE_PRODUCT = YES;
			};
			name = Release;
		};
		45E8C48D2612512F007F9B0E /* Debug */ = {
			isa = XCBuildConfiguration;
			buildSettings = {
				ALWAYS_EMBED_SWIFT_STANDARD_LIBRARIES = YES;
				ASSETCATALOG_COMPILER_APPICON_NAME = AppIcon;
				ASSETCATALOG_COMPILER_GLOBAL_ACCENT_COLOR_NAME = AccentColor;
				CODE_SIGN_ENTITLEMENTS = "AC Widget/AC Widget.entitlements";
				CODE_SIGN_IDENTITY = "Apple Development";
				"CODE_SIGN_IDENTITY[sdk=macosx*]" = "Apple Development";
				CODE_SIGN_STYLE = Automatic;
				CURRENT_PROJECT_VERSION = 15;
				DEVELOPMENT_ASSET_PATHS = "\"AC Widget/Preview Content\"";
				DEVELOPMENT_TEAM = E348R9JYR6;
				ENABLE_PREVIEWS = YES;
				INFOPLIST_FILE = "AC Widget/Info.plist";
				IPHONEOS_DEPLOYMENT_TARGET = 15.0;
				LD_RUNPATH_SEARCH_PATHS = (
					"$(inherited)",
					"@executable_path/Frameworks",
				);
				MARKETING_VERSION = 1.2;
				PRODUCT_BUNDLE_IDENTIFIER = "dev.kruschel.AC-Widget";
				PRODUCT_NAME = "$(TARGET_NAME)";
				PROVISIONING_PROFILE_SPECIFIER = "";
				"PROVISIONING_PROFILE_SPECIFIER[sdk=macosx*]" = "";
				SUPPORTS_MACCATALYST = YES;
				SWIFT_VERSION = 5.0;
				TARGETED_DEVICE_FAMILY = "1,2";
			};
			name = Debug;
		};
		45E8C48E2612512F007F9B0E /* Release */ = {
			isa = XCBuildConfiguration;
			buildSettings = {
				ALWAYS_EMBED_SWIFT_STANDARD_LIBRARIES = YES;
				ASSETCATALOG_COMPILER_APPICON_NAME = AppIcon;
				ASSETCATALOG_COMPILER_GLOBAL_ACCENT_COLOR_NAME = AccentColor;
				CODE_SIGN_ENTITLEMENTS = "AC Widget/AC Widget.entitlements";
				CODE_SIGN_IDENTITY = "Apple Development";
				"CODE_SIGN_IDENTITY[sdk=macosx*]" = "Apple Development";
				CODE_SIGN_STYLE = Automatic;
				CURRENT_PROJECT_VERSION = 15;
				DEVELOPMENT_ASSET_PATHS = "\"AC Widget/Preview Content\"";
				DEVELOPMENT_TEAM = E348R9JYR6;
				ENABLE_PREVIEWS = YES;
				INFOPLIST_FILE = "AC Widget/Info.plist";
				IPHONEOS_DEPLOYMENT_TARGET = 15.0;
				LD_RUNPATH_SEARCH_PATHS = (
					"$(inherited)",
					"@executable_path/Frameworks",
				);
				MARKETING_VERSION = 1.2;
				PRODUCT_BUNDLE_IDENTIFIER = "dev.kruschel.AC-Widget";
				PRODUCT_NAME = "$(TARGET_NAME)";
				PROVISIONING_PROFILE_SPECIFIER = "";
				"PROVISIONING_PROFILE_SPECIFIER[sdk=macosx*]" = "";
				SUPPORTS_MACCATALYST = YES;
				SWIFT_VERSION = 5.0;
				TARGETED_DEVICE_FAMILY = "1,2";
			};
			name = Release;
		};
		45E8C4A82612531E007F9B0E /* Debug */ = {
			isa = XCBuildConfiguration;
			buildSettings = {
				ASSETCATALOG_COMPILER_GLOBAL_ACCENT_COLOR_NAME = AccentColor;
				ASSETCATALOG_COMPILER_WIDGET_BACKGROUND_COLOR_NAME = WidgetBackground;
				CODE_SIGN_ENTITLEMENTS = WidgetsExtension.entitlements;
				CODE_SIGN_STYLE = Automatic;
				CURRENT_PROJECT_VERSION = 14;
				DEVELOPMENT_TEAM = E348R9JYR6;
				INFOPLIST_FILE = Widgets/Info.plist;
				IPHONEOS_DEPLOYMENT_TARGET = 15.0;
				LD_RUNPATH_SEARCH_PATHS = (
					"$(inherited)",
					"@executable_path/Frameworks",
					"@executable_path/../../Frameworks",
				);
				MACOSX_DEPLOYMENT_TARGET = 11.0;
				MARKETING_VERSION = 1.1;
				PRODUCT_BUNDLE_IDENTIFIER = "dev.kruschel.AC-Widget.Widgets";
				PRODUCT_NAME = "$(TARGET_NAME)";
				SKIP_INSTALL = YES;
				SUPPORTS_MACCATALYST = YES;
				SWIFT_VERSION = 5.0;
				TARGETED_DEVICE_FAMILY = "1,2";
				TVOS_DEPLOYMENT_TARGET = 14.0;
				WATCHOS_DEPLOYMENT_TARGET = 7.0;
			};
			name = Debug;
		};
		45E8C4A92612531E007F9B0E /* Release */ = {
			isa = XCBuildConfiguration;
			buildSettings = {
				ASSETCATALOG_COMPILER_GLOBAL_ACCENT_COLOR_NAME = AccentColor;
				ASSETCATALOG_COMPILER_WIDGET_BACKGROUND_COLOR_NAME = WidgetBackground;
				CODE_SIGN_ENTITLEMENTS = WidgetsExtension.entitlements;
				CODE_SIGN_STYLE = Automatic;
				CURRENT_PROJECT_VERSION = 14;
				DEVELOPMENT_TEAM = E348R9JYR6;
				INFOPLIST_FILE = Widgets/Info.plist;
				IPHONEOS_DEPLOYMENT_TARGET = 15.0;
				LD_RUNPATH_SEARCH_PATHS = (
					"$(inherited)",
					"@executable_path/Frameworks",
					"@executable_path/../../Frameworks",
				);
				MACOSX_DEPLOYMENT_TARGET = 11.0;
				MARKETING_VERSION = 1.1;
				PRODUCT_BUNDLE_IDENTIFIER = "dev.kruschel.AC-Widget.Widgets";
				PRODUCT_NAME = "$(TARGET_NAME)";
				SKIP_INSTALL = YES;
				SUPPORTS_MACCATALYST = YES;
				SWIFT_VERSION = 5.0;
				TARGETED_DEVICE_FAMILY = "1,2";
				TVOS_DEPLOYMENT_TARGET = 14.0;
				WATCHOS_DEPLOYMENT_TARGET = 7.0;
			};
			name = Release;
		};
		45FD519D261915F300603D8A /* Debug */ = {
			isa = XCBuildConfiguration;
			buildSettings = {
				CODE_SIGN_ENTITLEMENTS = WidgetIntentExtension/WidgetIntentExtension.entitlements;
				CODE_SIGN_STYLE = Automatic;
				CURRENT_PROJECT_VERSION = 14;
				DEVELOPMENT_TEAM = E348R9JYR6;
				INFOPLIST_FILE = WidgetIntentExtension/Info.plist;
				IPHONEOS_DEPLOYMENT_TARGET = 15.0;
				LD_RUNPATH_SEARCH_PATHS = (
					"$(inherited)",
					"@executable_path/Frameworks",
					"@executable_path/../../Frameworks",
				);
				MARKETING_VERSION = 1.1;
				PRODUCT_BUNDLE_IDENTIFIER = "dev.kruschel.AC-Widget.WidgetIntentExtension";
				PRODUCT_NAME = "$(TARGET_NAME)";
				SKIP_INSTALL = YES;
				SUPPORTS_MACCATALYST = YES;
				SWIFT_VERSION = 5.0;
				TARGETED_DEVICE_FAMILY = "1,2";
			};
			name = Debug;
		};
		45FD519E261915F300603D8A /* Release */ = {
			isa = XCBuildConfiguration;
			buildSettings = {
				CODE_SIGN_ENTITLEMENTS = WidgetIntentExtension/WidgetIntentExtension.entitlements;
				CODE_SIGN_STYLE = Automatic;
				CURRENT_PROJECT_VERSION = 14;
				DEVELOPMENT_TEAM = E348R9JYR6;
				INFOPLIST_FILE = WidgetIntentExtension/Info.plist;
				IPHONEOS_DEPLOYMENT_TARGET = 15.0;
				LD_RUNPATH_SEARCH_PATHS = (
					"$(inherited)",
					"@executable_path/Frameworks",
					"@executable_path/../../Frameworks",
				);
				MARKETING_VERSION = 1.1;
				PRODUCT_BUNDLE_IDENTIFIER = "dev.kruschel.AC-Widget.WidgetIntentExtension";
				PRODUCT_NAME = "$(TARGET_NAME)";
				SKIP_INSTALL = YES;
				SUPPORTS_MACCATALYST = YES;
				SWIFT_VERSION = 5.0;
				TARGETED_DEVICE_FAMILY = "1,2";
			};
			name = Release;
		};
/* End XCBuildConfiguration section */

/* Begin XCConfigurationList section */
		45E8C4782612512E007F9B0E /* Build configuration list for PBXProject "AC Widget" */ = {
			isa = XCConfigurationList;
			buildConfigurations = (
				45E8C48A2612512F007F9B0E /* Debug */,
				45E8C48B2612512F007F9B0E /* Release */,
			);
			defaultConfigurationIsVisible = 0;
			defaultConfigurationName = Release;
		};
		45E8C48C2612512F007F9B0E /* Build configuration list for PBXNativeTarget "AC Widget" */ = {
			isa = XCConfigurationList;
			buildConfigurations = (
				45E8C48D2612512F007F9B0E /* Debug */,
				45E8C48E2612512F007F9B0E /* Release */,
			);
			defaultConfigurationIsVisible = 0;
			defaultConfigurationName = Release;
		};
		45E8C4A72612531E007F9B0E /* Build configuration list for PBXNativeTarget "WidgetsExtension" */ = {
			isa = XCConfigurationList;
			buildConfigurations = (
				45E8C4A82612531E007F9B0E /* Debug */,
				45E8C4A92612531E007F9B0E /* Release */,
			);
			defaultConfigurationIsVisible = 0;
			defaultConfigurationName = Release;
		};
		45FD519C261915F300603D8A /* Build configuration list for PBXNativeTarget "WidgetIntentExtension" */ = {
			isa = XCConfigurationList;
			buildConfigurations = (
				45FD519D261915F300603D8A /* Debug */,
				45FD519E261915F300603D8A /* Release */,
			);
			defaultConfigurationIsVisible = 0;
			defaultConfigurationName = Release;
		};
/* End XCConfigurationList section */

/* Begin XCRemoteSwiftPackageReference section */
		456187F226F66FE400FAE4F8 /* XCRemoteSwiftPackageReference "KeychainAccess" */ = {
			isa = XCRemoteSwiftPackageReference;
			repositoryURL = "https://github.com/kishikawakatsumi/KeychainAccess.git";
			requirement = {
				kind = upToNextMajorVersion;
				minimumVersion = 4.0.0;
			};
		};
		45CAC1072615CB8100FF63E7 /* XCRemoteSwiftPackageReference "appstoreconnect-swift-sdk" */ = {
			isa = XCRemoteSwiftPackageReference;
			repositoryURL = "https://github.com/AvdLee/appstoreconnect-swift-sdk.git";
			requirement = {
				kind = upToNextMajorVersion;
				minimumVersion = 1.4.0;
			};
		};
		45E8C4BB261267FB007F9B0E /* XCRemoteSwiftPackageReference "GzipSwift" */ = {
			isa = XCRemoteSwiftPackageReference;
			repositoryURL = "https://github.com/1024jp/GzipSwift";
			requirement = {
				kind = upToNextMajorVersion;
				minimumVersion = 5.1.1;
			};
		};
		45E8C4BE261268D4007F9B0E /* XCRemoteSwiftPackageReference "SwiftCSV" */ = {
			isa = XCRemoteSwiftPackageReference;
			repositoryURL = "https://github.com/swiftcsv/SwiftCSV";
			requirement = {
				kind = upToNextMajorVersion;
				minimumVersion = 0.6.0;
			};
		};
		CB77BBB02691F19A006D4EC4 /* XCRemoteSwiftPackageReference "BetterToStrings" */ = {
			isa = XCRemoteSwiftPackageReference;
			repositoryURL = "https://github.com/cameronshemilt/BetterToStrings.git";
			requirement = {
				branch = main;
				kind = branch;
			};
		};
		CBDFA495261E52F200719CC1 /* XCRemoteSwiftPackageReference "DynamicColor" */ = {
			isa = XCRemoteSwiftPackageReference;
			repositoryURL = "https://github.com/yannickl/DynamicColor";
			requirement = {
				kind = upToNextMajorVersion;
				minimumVersion = 5.0.1;
			};
		};
/* End XCRemoteSwiftPackageReference section */

/* Begin XCSwiftPackageProductDependency section */
		456187F326F66FE400FAE4F8 /* KeychainAccess */ = {
			isa = XCSwiftPackageProductDependency;
			package = 456187F226F66FE400FAE4F8 /* XCRemoteSwiftPackageReference "KeychainAccess" */;
			productName = KeychainAccess;
		};
		456187F526F6741A00FAE4F8 /* KeychainAccess */ = {
			isa = XCSwiftPackageProductDependency;
			package = 456187F226F66FE400FAE4F8 /* XCRemoteSwiftPackageReference "KeychainAccess" */;
			productName = KeychainAccess;
		};
		456187F726F6742100FAE4F8 /* KeychainAccess */ = {
			isa = XCSwiftPackageProductDependency;
			package = 456187F226F66FE400FAE4F8 /* XCRemoteSwiftPackageReference "KeychainAccess" */;
			productName = KeychainAccess;
		};
		45CAC1082615CB8100FF63E7 /* AppStoreConnect-Swift-SDK */ = {
			isa = XCSwiftPackageProductDependency;
			package = 45CAC1072615CB8100FF63E7 /* XCRemoteSwiftPackageReference "appstoreconnect-swift-sdk" */;
			productName = "AppStoreConnect-Swift-SDK";
		};
		45CAC10A2615CBC200FF63E7 /* Gzip */ = {
			isa = XCSwiftPackageProductDependency;
			package = 45E8C4BB261267FB007F9B0E /* XCRemoteSwiftPackageReference "GzipSwift" */;
			productName = Gzip;
		};
		45CAC10C2615CBC700FF63E7 /* SwiftCSV */ = {
			isa = XCSwiftPackageProductDependency;
			package = 45E8C4BE261268D4007F9B0E /* XCRemoteSwiftPackageReference "SwiftCSV" */;
			productName = SwiftCSV;
		};
		45CAC10E2615CBCB00FF63E7 /* AppStoreConnect-Swift-SDK */ = {
			isa = XCSwiftPackageProductDependency;
			package = 45CAC1072615CB8100FF63E7 /* XCRemoteSwiftPackageReference "appstoreconnect-swift-sdk" */;
			productName = "AppStoreConnect-Swift-SDK";
		};
		45E8C4BC261267FB007F9B0E /* Gzip */ = {
			isa = XCSwiftPackageProductDependency;
			package = 45E8C4BB261267FB007F9B0E /* XCRemoteSwiftPackageReference "GzipSwift" */;
			productName = Gzip;
		};
		45E8C4BF261268D4007F9B0E /* SwiftCSV */ = {
			isa = XCSwiftPackageProductDependency;
			package = 45E8C4BE261268D4007F9B0E /* XCRemoteSwiftPackageReference "SwiftCSV" */;
			productName = SwiftCSV;
		};
		CB77BBB12691F19A006D4EC4 /* BetterToStrings */ = {
			isa = XCSwiftPackageProductDependency;
			package = CB77BBB02691F19A006D4EC4 /* XCRemoteSwiftPackageReference "BetterToStrings" */;
			productName = BetterToStrings;
		};
		CB77BBB32691F3EC006D4EC4 /* BetterToStrings */ = {
			isa = XCSwiftPackageProductDependency;
			package = CB77BBB02691F19A006D4EC4 /* XCRemoteSwiftPackageReference "BetterToStrings" */;
			productName = BetterToStrings;
		};
		CB77BBB52691F3F2006D4EC4 /* BetterToStrings */ = {
			isa = XCSwiftPackageProductDependency;
			package = CB77BBB02691F19A006D4EC4 /* XCRemoteSwiftPackageReference "BetterToStrings" */;
			productName = BetterToStrings;
		};
		CBAB72AC261B33DF00ED0F94 /* AppStoreConnect-Swift-SDK */ = {
			isa = XCSwiftPackageProductDependency;
			package = 45CAC1072615CB8100FF63E7 /* XCRemoteSwiftPackageReference "appstoreconnect-swift-sdk" */;
			productName = "AppStoreConnect-Swift-SDK";
		};
		CBAB72B1261B340C00ED0F94 /* Gzip */ = {
			isa = XCSwiftPackageProductDependency;
			package = 45E8C4BB261267FB007F9B0E /* XCRemoteSwiftPackageReference "GzipSwift" */;
			productName = Gzip;
		};
		CBAB72B3261B340C00ED0F94 /* SwiftCSV */ = {
			isa = XCSwiftPackageProductDependency;
			package = 45E8C4BE261268D4007F9B0E /* XCRemoteSwiftPackageReference "SwiftCSV" */;
			productName = SwiftCSV;
		};
		CBDFA496261E52F200719CC1 /* DynamicColor */ = {
			isa = XCSwiftPackageProductDependency;
			package = CBDFA495261E52F200719CC1 /* XCRemoteSwiftPackageReference "DynamicColor" */;
			productName = DynamicColor;
		};
		CBDFA49E261E55EE00719CC1 /* DynamicColor */ = {
			isa = XCSwiftPackageProductDependency;
			package = CBDFA495261E52F200719CC1 /* XCRemoteSwiftPackageReference "DynamicColor" */;
			productName = DynamicColor;
		};
		CBDFA4A0261E55F500719CC1 /* DynamicColor */ = {
			isa = XCSwiftPackageProductDependency;
			package = CBDFA495261E52F200719CC1 /* XCRemoteSwiftPackageReference "DynamicColor" */;
			productName = DynamicColor;
		};
/* End XCSwiftPackageProductDependency section */
	};
	rootObject = 45E8C4752612512E007F9B0E /* Project object */;
}
