// !$*UTF8*$!
{
	archiveVersion = 1;
	classes = {
	};
	objectVersion = 50;
	objects = {

/* Begin PBXBuildFile section */
		45320B1126124F5D00C7D7AC /* AC_WidgetApp.swift in Sources */ = {isa = PBXBuildFile; fileRef = 45320AFE26124F5C00C7D7AC /* AC_WidgetApp.swift */; };
		45320B1226124F5D00C7D7AC /* AC_WidgetApp.swift in Sources */ = {isa = PBXBuildFile; fileRef = 45320AFE26124F5C00C7D7AC /* AC_WidgetApp.swift */; };
		45320B1326124F5D00C7D7AC /* ContentView.swift in Sources */ = {isa = PBXBuildFile; fileRef = 45320AFF26124F5C00C7D7AC /* ContentView.swift */; };
		45320B1426124F5D00C7D7AC /* ContentView.swift in Sources */ = {isa = PBXBuildFile; fileRef = 45320AFF26124F5C00C7D7AC /* ContentView.swift */; };
		45320B1526124F5D00C7D7AC /* Assets.xcassets in Resources */ = {isa = PBXBuildFile; fileRef = 45320B0026124F5D00C7D7AC /* Assets.xcassets */; };
		45320B1626124F5D00C7D7AC /* Assets.xcassets in Resources */ = {isa = PBXBuildFile; fileRef = 45320B0026124F5D00C7D7AC /* Assets.xcassets */; };
/* End PBXBuildFile section */

/* Begin PBXFileReference section */
		45320AFE26124F5C00C7D7AC /* AC_WidgetApp.swift */ = {isa = PBXFileReference; lastKnownFileType = sourcecode.swift; path = AC_WidgetApp.swift; sourceTree = "<group>"; };
		45320AFF26124F5C00C7D7AC /* ContentView.swift */ = {isa = PBXFileReference; lastKnownFileType = sourcecode.swift; path = ContentView.swift; sourceTree = "<group>"; };
		45320B0026124F5D00C7D7AC /* Assets.xcassets */ = {isa = PBXFileReference; lastKnownFileType = folder.assetcatalog; path = Assets.xcassets; sourceTree = "<group>"; };
		45320B0526124F5D00C7D7AC /* AC Widget.app */ = {isa = PBXFileReference; explicitFileType = wrapper.application; includeInIndex = 0; path = "AC Widget.app"; sourceTree = BUILT_PRODUCTS_DIR; };
		45320B0826124F5D00C7D7AC /* Info.plist */ = {isa = PBXFileReference; lastKnownFileType = text.plist.xml; path = Info.plist; sourceTree = "<group>"; };
		45320B0D26124F5D00C7D7AC /* AC Widget.app */ = {isa = PBXFileReference; explicitFileType = wrapper.application; includeInIndex = 0; path = "AC Widget.app"; sourceTree = BUILT_PRODUCTS_DIR; };
		45320B0F26124F5D00C7D7AC /* Info.plist */ = {isa = PBXFileReference; lastKnownFileType = text.plist.xml; path = Info.plist; sourceTree = "<group>"; };
		45320B1026124F5D00C7D7AC /* macOS.entitlements */ = {isa = PBXFileReference; lastKnownFileType = text.plist.entitlements; path = macOS.entitlements; sourceTree = "<group>"; };
/* End PBXFileReference section */

/* Begin PBXFrameworksBuildPhase section */
		45320B0226124F5D00C7D7AC /* Frameworks */ = {
			isa = PBXFrameworksBuildPhase;
			buildActionMask = 2147483647;
			files = (
			);
			runOnlyForDeploymentPostprocessing = 0;
		};
		45320B0A26124F5D00C7D7AC /* Frameworks */ = {
			isa = PBXFrameworksBuildPhase;
			buildActionMask = 2147483647;
			files = (
			);
			runOnlyForDeploymentPostprocessing = 0;
		};
/* End PBXFrameworksBuildPhase section */

/* Begin PBXGroup section */
		45320AF826124F5C00C7D7AC = {
			isa = PBXGroup;
			children = (
				45320AFD26124F5C00C7D7AC /* Shared */,
				45320B0726124F5D00C7D7AC /* iOS */,
				45320B0E26124F5D00C7D7AC /* macOS */,
				45320B0626124F5D00C7D7AC /* Products */,
			);
			sourceTree = "<group>";
		};
		45320AFD26124F5C00C7D7AC /* Shared */ = {
			isa = PBXGroup;
			children = (
				45320AFE26124F5C00C7D7AC /* AC_WidgetApp.swift */,
				45320AFF26124F5C00C7D7AC /* ContentView.swift */,
				45320B0026124F5D00C7D7AC /* Assets.xcassets */,
			);
			path = Shared;
			sourceTree = "<group>";
		};
		45320B0626124F5D00C7D7AC /* Products */ = {
			isa = PBXGroup;
			children = (
				45320B0526124F5D00C7D7AC /* AC Widget.app */,
				45320B0D26124F5D00C7D7AC /* AC Widget.app */,
			);
			name = Products;
			sourceTree = "<group>";
		};
		45320B0726124F5D00C7D7AC /* iOS */ = {
			isa = PBXGroup;
			children = (
				45320B0826124F5D00C7D7AC /* Info.plist */,
			);
			path = iOS;
			sourceTree = "<group>";
		};
		45320B0E26124F5D00C7D7AC /* macOS */ = {
			isa = PBXGroup;
			children = (
				45320B0F26124F5D00C7D7AC /* Info.plist */,
				45320B1026124F5D00C7D7AC /* macOS.entitlements */,
			);
			path = macOS;
			sourceTree = "<group>";
		};
/* End PBXGroup section */

/* Begin PBXNativeTarget section */
		45320B0426124F5D00C7D7AC /* AC Widget (iOS) */ = {
			isa = PBXNativeTarget;
			buildConfigurationList = 45320B1926124F5D00C7D7AC /* Build configuration list for PBXNativeTarget "AC Widget (iOS)" */;
			buildPhases = (
				45320B0126124F5D00C7D7AC /* Sources */,
				45320B0226124F5D00C7D7AC /* Frameworks */,
				45320B0326124F5D00C7D7AC /* Resources */,
			);
			buildRules = (
			);
			dependencies = (
			);
			name = "AC Widget (iOS)";
			productName = "AC Widget (iOS)";
			productReference = 45320B0526124F5D00C7D7AC /* AC Widget.app */;
			productType = "com.apple.product-type.application";
		};
		45320B0C26124F5D00C7D7AC /* AC Widget (macOS) */ = {
			isa = PBXNativeTarget;
			buildConfigurationList = 45320B1C26124F5D00C7D7AC /* Build configuration list for PBXNativeTarget "AC Widget (macOS)" */;
			buildPhases = (
				45320B0926124F5D00C7D7AC /* Sources */,
				45320B0A26124F5D00C7D7AC /* Frameworks */,
				45320B0B26124F5D00C7D7AC /* Resources */,
			);
			buildRules = (
			);
			dependencies = (
			);
			name = "AC Widget (macOS)";
			productName = "AC Widget (macOS)";
			productReference = 45320B0D26124F5D00C7D7AC /* AC Widget.app */;
			productType = "com.apple.product-type.application";
		};
/* End PBXNativeTarget section */

/* Begin PBXProject section */
		45320AF926124F5C00C7D7AC /* Project object */ = {
			isa = PBXProject;
			attributes = {
				LastSwiftUpdateCheck = 1250;
				LastUpgradeCheck = 1250;
				TargetAttributes = {
					45320B0426124F5D00C7D7AC = {
						CreatedOnToolsVersion = 12.5;
					};
					45320B0C26124F5D00C7D7AC = {
						CreatedOnToolsVersion = 12.5;
					};
				};
			};
			buildConfigurationList = 45320AFC26124F5C00C7D7AC /* Build configuration list for PBXProject "AC Widget" */;
			compatibilityVersion = "Xcode 9.3";
			developmentRegion = en;
			hasScannedForEncodings = 0;
			knownRegions = (
				en,
				Base,
			);
			mainGroup = 45320AF826124F5C00C7D7AC;
			productRefGroup = 45320B0626124F5D00C7D7AC /* Products */;
			projectDirPath = "";
			projectRoot = "";
			targets = (
				45320B0426124F5D00C7D7AC /* AC Widget (iOS) */,
				45320B0C26124F5D00C7D7AC /* AC Widget (macOS) */,
			);
		};
/* End PBXProject section */

/* Begin PBXResourcesBuildPhase section */
		45320B0326124F5D00C7D7AC /* Resources */ = {
			isa = PBXResourcesBuildPhase;
			buildActionMask = 2147483647;
			files = (
				45320B1526124F5D00C7D7AC /* Assets.xcassets in Resources */,
			);
			runOnlyForDeploymentPostprocessing = 0;
		};
		45320B0B26124F5D00C7D7AC /* Resources */ = {
			isa = PBXResourcesBuildPhase;
			buildActionMask = 2147483647;
			files = (
				45320B1626124F5D00C7D7AC /* Assets.xcassets in Resources */,
			);
			runOnlyForDeploymentPostprocessing = 0;
		};
/* End PBXResourcesBuildPhase section */

/* Begin PBXSourcesBuildPhase section */
		45320B0126124F5D00C7D7AC /* Sources */ = {
			isa = PBXSourcesBuildPhase;
			buildActionMask = 2147483647;
			files = (
				45320B1326124F5D00C7D7AC /* ContentView.swift in Sources */,
				45320B1126124F5D00C7D7AC /* AC_WidgetApp.swift in Sources */,
			);
			runOnlyForDeploymentPostprocessing = 0;
		};
		45320B0926124F5D00C7D7AC /* Sources */ = {
			isa = PBXSourcesBuildPhase;
			buildActionMask = 2147483647;
			files = (
				45320B1426124F5D00C7D7AC /* ContentView.swift in Sources */,
				45320B1226124F5D00C7D7AC /* AC_WidgetApp.swift in Sources */,
			);
			runOnlyForDeploymentPostprocessing = 0;
		};
/* End PBXSourcesBuildPhase section */

/* Begin XCBuildConfiguration section */
		45320B1726124F5D00C7D7AC /* Debug */ = {
			isa = XCBuildConfiguration;
			buildSettings = {
				ALWAYS_SEARCH_USER_PATHS = NO;
				CLANG_ANALYZER_NONNULL = YES;
				CLANG_ANALYZER_NUMBER_OBJECT_CONVERSION = YES_AGGRESSIVE;
				CLANG_CXX_LANGUAGE_STANDARD = "gnu++14";
				CLANG_CXX_LIBRARY = "libc++";
				CLANG_ENABLE_MODULES = YES;
				CLANG_ENABLE_OBJC_ARC = YES;
				CLANG_ENABLE_OBJC_WEAK = YES;
				CLANG_WARN_BLOCK_CAPTURE_AUTORELEASING = YES;
				CLANG_WARN_BOOL_CONVERSION = YES;
				CLANG_WARN_COMMA = YES;
				CLANG_WARN_CONSTANT_CONVERSION = YES;
				CLANG_WARN_DEPRECATED_OBJC_IMPLEMENTATIONS = YES;
				CLANG_WARN_DIRECT_OBJC_ISA_USAGE = YES_ERROR;
				CLANG_WARN_DOCUMENTATION_COMMENTS = YES;
				CLANG_WARN_EMPTY_BODY = YES;
				CLANG_WARN_ENUM_CONVERSION = YES;
				CLANG_WARN_INFINITE_RECURSION = YES;
				CLANG_WARN_INT_CONVERSION = YES;
				CLANG_WARN_NON_LITERAL_NULL_CONVERSION = YES;
				CLANG_WARN_OBJC_IMPLICIT_RETAIN_SELF = YES;
				CLANG_WARN_OBJC_LITERAL_CONVERSION = YES;
				CLANG_WARN_OBJC_ROOT_CLASS = YES_ERROR;
				CLANG_WARN_QUOTED_INCLUDE_IN_FRAMEWORK_HEADER = YES;
				CLANG_WARN_RANGE_LOOP_ANALYSIS = YES;
				CLANG_WARN_STRICT_PROTOTYPES = YES;
				CLANG_WARN_SUSPICIOUS_MOVE = YES;
				CLANG_WARN_UNGUARDED_AVAILABILITY = YES_AGGRESSIVE;
				CLANG_WARN_UNREACHABLE_CODE = YES;
				CLANG_WARN__DUPLICATE_METHOD_MATCH = YES;
				COPY_PHASE_STRIP = NO;
				DEBUG_INFORMATION_FORMAT = dwarf;
				ENABLE_STRICT_OBJC_MSGSEND = YES;
				ENABLE_TESTABILITY = YES;
				GCC_C_LANGUAGE_STANDARD = gnu11;
				GCC_DYNAMIC_NO_PIC = NO;
				GCC_NO_COMMON_BLOCKS = YES;
				GCC_OPTIMIZATION_LEVEL = 0;
				GCC_PREPROCESSOR_DEFINITIONS = (
					"DEBUG=1",
					"$(inherited)",
				);
				GCC_WARN_64_TO_32_BIT_CONVERSION = YES;
				GCC_WARN_ABOUT_RETURN_TYPE = YES_ERROR;
				GCC_WARN_UNDECLARED_SELECTOR = YES;
				GCC_WARN_UNINITIALIZED_AUTOS = YES_AGGRESSIVE;
				GCC_WARN_UNUSED_FUNCTION = YES;
				GCC_WARN_UNUSED_VARIABLE = YES;
				MTL_ENABLE_DEBUG_INFO = INCLUDE_SOURCE;
				MTL_FAST_MATH = YES;
				ONLY_ACTIVE_ARCH = YES;
				SWIFT_ACTIVE_COMPILATION_CONDITIONS = DEBUG;
				SWIFT_OPTIMIZATION_LEVEL = "-Onone";
			};
			name = Debug;
		};
		45320B1826124F5D00C7D7AC /* Release */ = {
			isa = XCBuildConfiguration;
			buildSettings = {
				ALWAYS_SEARCH_USER_PATHS = NO;
				CLANG_ANALYZER_NONNULL = YES;
				CLANG_ANALYZER_NUMBER_OBJECT_CONVERSION = YES_AGGRESSIVE;
				CLANG_CXX_LANGUAGE_STANDARD = "gnu++14";
				CLANG_CXX_LIBRARY = "libc++";
				CLANG_ENABLE_MODULES = YES;
				CLANG_ENABLE_OBJC_ARC = YES;
				CLANG_ENABLE_OBJC_WEAK = YES;
				CLANG_WARN_BLOCK_CAPTURE_AUTORELEASING = YES;
				CLANG_WARN_BOOL_CONVERSION = YES;
				CLANG_WARN_COMMA = YES;
				CLANG_WARN_CONSTANT_CONVERSION = YES;
				CLANG_WARN_DEPRECATED_OBJC_IMPLEMENTATIONS = YES;
				CLANG_WARN_DIRECT_OBJC_ISA_USAGE = YES_ERROR;
				CLANG_WARN_DOCUMENTATION_COMMENTS = YES;
				CLANG_WARN_EMPTY_BODY = YES;
				CLANG_WARN_ENUM_CONVERSION = YES;
				CLANG_WARN_INFINITE_RECURSION = YES;
				CLANG_WARN_INT_CONVERSION = YES;
				CLANG_WARN_NON_LITERAL_NULL_CONVERSION = YES;
				CLANG_WARN_OBJC_IMPLICIT_RETAIN_SELF = YES;
				CLANG_WARN_OBJC_LITERAL_CONVERSION = YES;
				CLANG_WARN_OBJC_ROOT_CLASS = YES_ERROR;
				CLANG_WARN_QUOTED_INCLUDE_IN_FRAMEWORK_HEADER = YES;
				CLANG_WARN_RANGE_LOOP_ANALYSIS = YES;
				CLANG_WARN_STRICT_PROTOTYPES = YES;
				CLANG_WARN_SUSPICIOUS_MOVE = YES;
				CLANG_WARN_UNGUARDED_AVAILABILITY = YES_AGGRESSIVE;
				CLANG_WARN_UNREACHABLE_CODE = YES;
				CLANG_WARN__DUPLICATE_METHOD_MATCH = YES;
				COPY_PHASE_STRIP = NO;
				DEBUG_INFORMATION_FORMAT = "dwarf-with-dsym";
				ENABLE_NS_ASSERTIONS = NO;
				ENABLE_STRICT_OBJC_MSGSEND = YES;
				GCC_C_LANGUAGE_STANDARD = gnu11;
				GCC_NO_COMMON_BLOCKS = YES;
				GCC_WARN_64_TO_32_BIT_CONVERSION = YES;
				GCC_WARN_ABOUT_RETURN_TYPE = YES_ERROR;
				GCC_WARN_UNDECLARED_SELECTOR = YES;
				GCC_WARN_UNINITIALIZED_AUTOS = YES_AGGRESSIVE;
				GCC_WARN_UNUSED_FUNCTION = YES;
				GCC_WARN_UNUSED_VARIABLE = YES;
				MTL_ENABLE_DEBUG_INFO = NO;
				MTL_FAST_MATH = YES;
				SWIFT_COMPILATION_MODE = wholemodule;
				SWIFT_OPTIMIZATION_LEVEL = "-O";
			};
			name = Release;
		};
		45320B1A26124F5D00C7D7AC /* Debug */ = {
			isa = XCBuildConfiguration;
			buildSettings = {
				ASSETCATALOG_COMPILER_APPICON_NAME = AppIcon;
				ASSETCATALOG_COMPILER_GLOBAL_ACCENT_COLOR_NAME = AccentColor;
				CODE_SIGN_STYLE = Automatic;
				DEVELOPMENT_TEAM = E348R9JYR6;
				ENABLE_PREVIEWS = YES;
				INFOPLIST_FILE = iOS/Info.plist;
				IPHONEOS_DEPLOYMENT_TARGET = 14.0;
				LD_RUNPATH_SEARCH_PATHS = (
					"$(inherited)",
					"@executable_path/Frameworks",
				);
				PRODUCT_BUNDLE_IDENTIFIER = "dev.kruschel.AC-Widget";
				PRODUCT_NAME = "AC Widget";
				SDKROOT = iphoneos;
				SWIFT_VERSION = 5.0;
				TARGETED_DEVICE_FAMILY = "1,2";
			};
			name = Debug;
		};
		45320B1B26124F5D00C7D7AC /* Release */ = {
			isa = XCBuildConfiguration;
			buildSettings = {
				ASSETCATALOG_COMPILER_APPICON_NAME = AppIcon;
				ASSETCATALOG_COMPILER_GLOBAL_ACCENT_COLOR_NAME = AccentColor;
				CODE_SIGN_STYLE = Automatic;
				DEVELOPMENT_TEAM = E348R9JYR6;
				ENABLE_PREVIEWS = YES;
				INFOPLIST_FILE = iOS/Info.plist;
				IPHONEOS_DEPLOYMENT_TARGET = 14.0;
				LD_RUNPATH_SEARCH_PATHS = (
					"$(inherited)",
					"@executable_path/Frameworks",
				);
				PRODUCT_BUNDLE_IDENTIFIER = "dev.kruschel.AC-Widget";
				PRODUCT_NAME = "AC Widget";
				SDKROOT = iphoneos;
				SWIFT_VERSION = 5.0;
				TARGETED_DEVICE_FAMILY = "1,2";
				VALIDATE_PRODUCT = YES;
			};
			name = Release;
		};
		45320B1D26124F5D00C7D7AC /* Debug */ = {
			isa = XCBuildConfiguration;
			buildSettings = {
				ASSETCATALOG_COMPILER_APPICON_NAME = AppIcon;
				ASSETCATALOG_COMPILER_GLOBAL_ACCENT_COLOR_NAME = AccentColor;
				CODE_SIGN_ENTITLEMENTS = macOS/macOS.entitlements;
				CODE_SIGN_STYLE = Automatic;
				COMBINE_HIDPI_IMAGES = YES;
				DEVELOPMENT_TEAM = E348R9JYR6;
				ENABLE_HARDENED_RUNTIME = YES;
				ENABLE_PREVIEWS = YES;
				INFOPLIST_FILE = macOS/Info.plist;
				LD_RUNPATH_SEARCH_PATHS = (
					"$(inherited)",
					"@executable_path/../Frameworks",
				);
				MACOSX_DEPLOYMENT_TARGET = 11.0;
				PRODUCT_BUNDLE_IDENTIFIER = "dev.kruschel.AC-Widget";
				PRODUCT_NAME = "AC Widget";
				SDKROOT = macosx;
				SWIFT_VERSION = 5.0;
			};
			name = Debug;
		};
		45320B1E26124F5D00C7D7AC /* Release */ = {
			isa = XCBuildConfiguration;
			buildSettings = {
				ASSETCATALOG_COMPILER_APPICON_NAME = AppIcon;
				ASSETCATALOG_COMPILER_GLOBAL_ACCENT_COLOR_NAME = AccentColor;
				CODE_SIGN_ENTITLEMENTS = macOS/macOS.entitlements;
				CODE_SIGN_STYLE = Automatic;
				COMBINE_HIDPI_IMAGES = YES;
				DEVELOPMENT_TEAM = E348R9JYR6;
				ENABLE_HARDENED_RUNTIME = YES;
				ENABLE_PREVIEWS = YES;
				INFOPLIST_FILE = macOS/Info.plist;
				LD_RUNPATH_SEARCH_PATHS = (
					"$(inherited)",
					"@executable_path/../Frameworks",
				);
				MACOSX_DEPLOYMENT_TARGET = 11.0;
				PRODUCT_BUNDLE_IDENTIFIER = "dev.kruschel.AC-Widget";
				PRODUCT_NAME = "AC Widget";
				SDKROOT = macosx;
				SWIFT_VERSION = 5.0;
			};
			name = Release;
		};
/* End XCBuildConfiguration section */

/* Begin XCConfigurationList section */
		45320AFC26124F5C00C7D7AC /* Build configuration list for PBXProject "AC Widget" */ = {
			isa = XCConfigurationList;
			buildConfigurations = (
				45320B1726124F5D00C7D7AC /* Debug */,
				45320B1826124F5D00C7D7AC /* Release */,
			);
			defaultConfigurationIsVisible = 0;
			defaultConfigurationName = Release;
		};
		45320B1926124F5D00C7D7AC /* Build configuration list for PBXNativeTarget "AC Widget (iOS)" */ = {
			isa = XCConfigurationList;
			buildConfigurations = (
				45320B1A26124F5D00C7D7AC /* Debug */,
				45320B1B26124F5D00C7D7AC /* Release */,
			);
			defaultConfigurationIsVisible = 0;
			defaultConfigurationName = Release;
		};
		45320B1C26124F5D00C7D7AC /* Build configuration list for PBXNativeTarget "AC Widget (macOS)" */ = {
			isa = XCConfigurationList;
			buildConfigurations = (
				45320B1D26124F5D00C7D7AC /* Debug */,
				45320B1E26124F5D00C7D7AC /* Release */,
			);
			defaultConfigurationIsVisible = 0;
			defaultConfigurationName = Release;
		};
/* End XCConfigurationList section */
	};
	rootObject = 45320AF926124F5C00C7D7AC /* Project object */;
}
