// !$*UTF8*$!
{
	archiveVersion = 1;
	classes = {
	};
	objectVersion = 52;
	objects = {

/* Begin PBXBuildFile section */
		452A37F126161C97005CD1DA /* Extensions.swift in Sources */ = {isa = PBXBuildFile; fileRef = 452A37F026161C97005CD1DA /* Extensions.swift */; };
		452A37F226161C97005CD1DA /* Extensions.swift in Sources */ = {isa = PBXBuildFile; fileRef = 452A37F026161C97005CD1DA /* Extensions.swift */; };
		455B4AA02613BAA80061785A /* Promises in Frameworks */ = {isa = PBXBuildFile; productRef = 455B4A9F2613BAA80061785A /* Promises */; };
		45CAC1092615CB8100FF63E7 /* AppStoreConnect-Swift-SDK in Frameworks */ = {isa = PBXBuildFile; productRef = 45CAC1082615CB8100FF63E7 /* AppStoreConnect-Swift-SDK */; };
		45CAC10B2615CBC200FF63E7 /* Gzip in Frameworks */ = {isa = PBXBuildFile; productRef = 45CAC10A2615CBC200FF63E7 /* Gzip */; };
		45CAC10D2615CBC700FF63E7 /* SwiftCSV in Frameworks */ = {isa = PBXBuildFile; productRef = 45CAC10C2615CBC700FF63E7 /* SwiftCSV */; };
		45CAC10F2615CBCB00FF63E7 /* AppStoreConnect-Swift-SDK in Frameworks */ = {isa = PBXBuildFile; productRef = 45CAC10E2615CBCB00FF63E7 /* AppStoreConnect-Swift-SDK */; };
		45CAC1112615CBD000FF63E7 /* Promises in Frameworks */ = {isa = PBXBuildFile; productRef = 45CAC1102615CBD000FF63E7 /* Promises */; };
		45CAC1132615CC5F00FF63E7 /* CurrencyConverter.swift in Sources */ = {isa = PBXBuildFile; fileRef = 45E8C4C126126B34007F9B0E /* CurrencyConverter.swift */; };
		45CAC1152615CDBE00FF63E7 /* AppStoreConnectApi.swift in Sources */ = {isa = PBXBuildFile; fileRef = 45CAC1142615CDBE00FF63E7 /* AppStoreConnectApi.swift */; };
		45CAC1162615CDBE00FF63E7 /* AppStoreConnectApi.swift in Sources */ = {isa = PBXBuildFile; fileRef = 45CAC1142615CDBE00FF63E7 /* AppStoreConnectApi.swift */; };
		45E8C4812612512E007F9B0E /* AC_WidgetApp.swift in Sources */ = {isa = PBXBuildFile; fileRef = 45E8C4802612512E007F9B0E /* AC_WidgetApp.swift */; };
		45E8C4832612512E007F9B0E /* ContentView.swift in Sources */ = {isa = PBXBuildFile; fileRef = 45E8C4822612512E007F9B0E /* ContentView.swift */; };
		45E8C4852612512F007F9B0E /* Assets.xcassets in Resources */ = {isa = PBXBuildFile; fileRef = 45E8C4842612512F007F9B0E /* Assets.xcassets */; };
		45E8C4882612512F007F9B0E /* Preview Assets.xcassets in Resources */ = {isa = PBXBuildFile; fileRef = 45E8C4872612512F007F9B0E /* Preview Assets.xcassets */; };
		45E8C4972612531D007F9B0E /* WidgetKit.framework in Frameworks */ = {isa = PBXBuildFile; fileRef = 45E8C4962612531D007F9B0E /* WidgetKit.framework */; };
		45E8C4992612531D007F9B0E /* SwiftUI.framework in Frameworks */ = {isa = PBXBuildFile; fileRef = 45E8C4982612531D007F9B0E /* SwiftUI.framework */; };
		45E8C49C2612531D007F9B0E /* Widgets.swift in Sources */ = {isa = PBXBuildFile; fileRef = 45E8C49B2612531D007F9B0E /* Widgets.swift */; };
		45E8C49F2612531E007F9B0E /* Assets.xcassets in Resources */ = {isa = PBXBuildFile; fileRef = 45E8C49E2612531E007F9B0E /* Assets.xcassets */; };
		45E8C4A12612531E007F9B0E /* Widgets.intentdefinition in Sources */ = {isa = PBXBuildFile; fileRef = 45E8C49D2612531D007F9B0E /* Widgets.intentdefinition */; };
		45E8C4A22612531E007F9B0E /* Widgets.intentdefinition in Sources */ = {isa = PBXBuildFile; fileRef = 45E8C49D2612531D007F9B0E /* Widgets.intentdefinition */; };
		45E8C4A52612531E007F9B0E /* WidgetsExtension.appex in Embed App Extensions */ = {isa = PBXBuildFile; fileRef = 45E8C4942612531D007F9B0E /* WidgetsExtension.appex */; settings = {ATTRIBUTES = (RemoveHeadersOnCopy, ); }; };
		45E8C4BD261267FB007F9B0E /* Gzip in Frameworks */ = {isa = PBXBuildFile; productRef = 45E8C4BC261267FB007F9B0E /* Gzip */; };
		45E8C4C0261268D4007F9B0E /* SwiftCSV in Frameworks */ = {isa = PBXBuildFile; productRef = 45E8C4BF261268D4007F9B0E /* SwiftCSV */; };
		45E8C4C226126B34007F9B0E /* CurrencyConverter.swift in Sources */ = {isa = PBXBuildFile; fileRef = 45E8C4C126126B34007F9B0E /* CurrencyConverter.swift */; };
		CB28AED42615D1FA00B48215 /* APIError.swift in Sources */ = {isa = PBXBuildFile; fileRef = CB28AED32615D1FA00B48215 /* APIError.swift */; };
		CB28AED82615D21C00B48215 /* ACData.swift in Sources */ = {isa = PBXBuildFile; fileRef = CB28AED72615D21C00B48215 /* ACData.swift */; };
		CB28AED92615D21C00B48215 /* ACData.swift in Sources */ = {isa = PBXBuildFile; fileRef = CB28AED72615D21C00B48215 /* ACData.swift */; };
		CB28AEDC2615D21F00B48215 /* APIError.swift in Sources */ = {isa = PBXBuildFile; fileRef = CB28AED32615D1FA00B48215 /* APIError.swift */; };
		CB28AEE02615D24400B48215 /* UnitText.swift in Sources */ = {isa = PBXBuildFile; fileRef = CB28AEDF2615D24400B48215 /* UnitText.swift */; };
		CB28AEE12615D24400B48215 /* UnitText.swift in Sources */ = {isa = PBXBuildFile; fileRef = CB28AEDF2615D24400B48215 /* UnitText.swift */; };
		CB28AEE52615D28F00B48215 /* SummarySmall.swift in Sources */ = {isa = PBXBuildFile; fileRef = CB28AEE42615D28F00B48215 /* SummarySmall.swift */; };
		CB28AEE62615D28F00B48215 /* SummarySmall.swift in Sources */ = {isa = PBXBuildFile; fileRef = CB28AEE42615D28F00B48215 /* SummarySmall.swift */; };
		CB28AEEA2615D2BB00B48215 /* SummaryMedium.swift in Sources */ = {isa = PBXBuildFile; fileRef = CB28AEE92615D2BB00B48215 /* SummaryMedium.swift */; };
		CB28AEEB2615D2BB00B48215 /* SummaryMedium.swift in Sources */ = {isa = PBXBuildFile; fileRef = CB28AEE92615D2BB00B48215 /* SummaryMedium.swift */; };
		CB28AEEF2615D2E900B48215 /* ErrorWidget.swift in Sources */ = {isa = PBXBuildFile; fileRef = CB28AEEE2615D2E900B48215 /* ErrorWidget.swift */; };
		CB28AEF02615D2E900B48215 /* ErrorWidget.swift in Sources */ = {isa = PBXBuildFile; fileRef = CB28AEEE2615D2E900B48215 /* ErrorWidget.swift */; };
		CB28AEFC2615F5E700B48215 /* GraphView.swift in Sources */ = {isa = PBXBuildFile; fileRef = CB28AEFB2615F5E700B48215 /* GraphView.swift */; };
		CB28AEFD2615F5E700B48215 /* GraphView.swift in Sources */ = {isa = PBXBuildFile; fileRef = CB28AEFB2615F5E700B48215 /* GraphView.swift */; };
		CB28AF012616163600B48215 /* SettingsView.swift in Sources */ = {isa = PBXBuildFile; fileRef = CB28AF002616163600B48215 /* SettingsView.swift */; };
/* End PBXBuildFile section */

/* Begin PBXContainerItemProxy section */
		45E8C4A32612531E007F9B0E /* PBXContainerItemProxy */ = {
			isa = PBXContainerItemProxy;
			containerPortal = 45E8C4752612512E007F9B0E /* Project object */;
			proxyType = 1;
			remoteGlobalIDString = 45E8C4932612531D007F9B0E;
			remoteInfo = WidgetsExtension;
		};
/* End PBXContainerItemProxy section */

/* Begin PBXCopyFilesBuildPhase section */
		45E8C4AA2612531E007F9B0E /* Embed App Extensions */ = {
			isa = PBXCopyFilesBuildPhase;
			buildActionMask = 2147483647;
			dstPath = "";
			dstSubfolderSpec = 13;
			files = (
				45E8C4A52612531E007F9B0E /* WidgetsExtension.appex in Embed App Extensions */,
			);
			name = "Embed App Extensions";
			runOnlyForDeploymentPostprocessing = 0;
		};
/* End PBXCopyFilesBuildPhase section */

/* Begin PBXFileReference section */
		452A37F026161C97005CD1DA /* Extensions.swift */ = {isa = PBXFileReference; lastKnownFileType = sourcecode.swift; path = Extensions.swift; sourceTree = "<group>"; };
		45CAC1142615CDBE00FF63E7 /* AppStoreConnectApi.swift */ = {isa = PBXFileReference; lastKnownFileType = sourcecode.swift; path = AppStoreConnectApi.swift; sourceTree = "<group>"; };
		45E8C47D2612512E007F9B0E /* AC Widget.app */ = {isa = PBXFileReference; explicitFileType = wrapper.application; includeInIndex = 0; path = "AC Widget.app"; sourceTree = BUILT_PRODUCTS_DIR; };
		45E8C4802612512E007F9B0E /* AC_WidgetApp.swift */ = {isa = PBXFileReference; lastKnownFileType = sourcecode.swift; path = AC_WidgetApp.swift; sourceTree = "<group>"; };
		45E8C4822612512E007F9B0E /* ContentView.swift */ = {isa = PBXFileReference; lastKnownFileType = sourcecode.swift; path = ContentView.swift; sourceTree = "<group>"; };
		45E8C4842612512F007F9B0E /* Assets.xcassets */ = {isa = PBXFileReference; lastKnownFileType = folder.assetcatalog; path = Assets.xcassets; sourceTree = "<group>"; };
		45E8C4872612512F007F9B0E /* Preview Assets.xcassets */ = {isa = PBXFileReference; lastKnownFileType = folder.assetcatalog; path = "Preview Assets.xcassets"; sourceTree = "<group>"; };
		45E8C4892612512F007F9B0E /* Info.plist */ = {isa = PBXFileReference; lastKnownFileType = text.plist.xml; path = Info.plist; sourceTree = "<group>"; };
		45E8C48F26125185007F9B0E /* AC Widget.entitlements */ = {isa = PBXFileReference; lastKnownFileType = text.plist.entitlements; path = "AC Widget.entitlements"; sourceTree = "<group>"; };
		45E8C4942612531D007F9B0E /* WidgetsExtension.appex */ = {isa = PBXFileReference; explicitFileType = "wrapper.app-extension"; includeInIndex = 0; path = WidgetsExtension.appex; sourceTree = BUILT_PRODUCTS_DIR; };
		45E8C4962612531D007F9B0E /* WidgetKit.framework */ = {isa = PBXFileReference; lastKnownFileType = wrapper.framework; name = WidgetKit.framework; path = System/Library/Frameworks/WidgetKit.framework; sourceTree = SDKROOT; };
		45E8C4982612531D007F9B0E /* SwiftUI.framework */ = {isa = PBXFileReference; lastKnownFileType = wrapper.framework; name = SwiftUI.framework; path = System/Library/Frameworks/SwiftUI.framework; sourceTree = SDKROOT; };
		45E8C49B2612531D007F9B0E /* Widgets.swift */ = {isa = PBXFileReference; lastKnownFileType = sourcecode.swift; path = Widgets.swift; sourceTree = "<group>"; };
		45E8C49D2612531D007F9B0E /* Widgets.intentdefinition */ = {isa = PBXFileReference; lastKnownFileType = file.intentdefinition; path = Widgets.intentdefinition; sourceTree = "<group>"; };
		45E8C49E2612531E007F9B0E /* Assets.xcassets */ = {isa = PBXFileReference; lastKnownFileType = folder.assetcatalog; path = Assets.xcassets; sourceTree = "<group>"; };
		45E8C4A02612531E007F9B0E /* Info.plist */ = {isa = PBXFileReference; lastKnownFileType = text.plist.xml; path = Info.plist; sourceTree = "<group>"; };
		45E8C4A62612531E007F9B0E /* WidgetsExtension.entitlements */ = {isa = PBXFileReference; lastKnownFileType = text.plist.entitlements; path = WidgetsExtension.entitlements; sourceTree = "<group>"; };
		45E8C4C126126B34007F9B0E /* CurrencyConverter.swift */ = {isa = PBXFileReference; lastKnownFileType = sourcecode.swift; path = CurrencyConverter.swift; sourceTree = "<group>"; };
		CB28AED32615D1FA00B48215 /* APIError.swift */ = {isa = PBXFileReference; lastKnownFileType = sourcecode.swift; path = APIError.swift; sourceTree = "<group>"; };
		CB28AED72615D21C00B48215 /* ACData.swift */ = {isa = PBXFileReference; lastKnownFileType = sourcecode.swift; path = ACData.swift; sourceTree = "<group>"; };
		CB28AEDF2615D24400B48215 /* UnitText.swift */ = {isa = PBXFileReference; lastKnownFileType = sourcecode.swift; path = UnitText.swift; sourceTree = "<group>"; };
		CB28AEE42615D28F00B48215 /* SummarySmall.swift */ = {isa = PBXFileReference; lastKnownFileType = sourcecode.swift; path = SummarySmall.swift; sourceTree = "<group>"; };
		CB28AEE92615D2BB00B48215 /* SummaryMedium.swift */ = {isa = PBXFileReference; lastKnownFileType = sourcecode.swift; path = SummaryMedium.swift; sourceTree = "<group>"; };
		CB28AEEE2615D2E900B48215 /* ErrorWidget.swift */ = {isa = PBXFileReference; lastKnownFileType = sourcecode.swift; path = ErrorWidget.swift; sourceTree = "<group>"; };
		CB28AEFB2615F5E700B48215 /* GraphView.swift */ = {isa = PBXFileReference; lastKnownFileType = sourcecode.swift; path = GraphView.swift; sourceTree = "<group>"; };
		CB28AF002616163600B48215 /* SettingsView.swift */ = {isa = PBXFileReference; lastKnownFileType = sourcecode.swift; path = SettingsView.swift; sourceTree = "<group>"; };
/* End PBXFileReference section */

/* Begin PBXFrameworksBuildPhase section */
		45E8C47A2612512E007F9B0E /* Frameworks */ = {
			isa = PBXFrameworksBuildPhase;
			buildActionMask = 2147483647;
			files = (
				45E8C4C0261268D4007F9B0E /* SwiftCSV in Frameworks */,
				45E8C4BD261267FB007F9B0E /* Gzip in Frameworks */,
				45CAC1092615CB8100FF63E7 /* AppStoreConnect-Swift-SDK in Frameworks */,
				455B4AA02613BAA80061785A /* Promises in Frameworks */,
			);
			runOnlyForDeploymentPostprocessing = 0;
		};
		45E8C4912612531D007F9B0E /* Frameworks */ = {
			isa = PBXFrameworksBuildPhase;
			buildActionMask = 2147483647;
			files = (
				45E8C4992612531D007F9B0E /* SwiftUI.framework in Frameworks */,
				45CAC10F2615CBCB00FF63E7 /* AppStoreConnect-Swift-SDK in Frameworks */,
				45CAC1112615CBD000FF63E7 /* Promises in Frameworks */,
				45CAC10D2615CBC700FF63E7 /* SwiftCSV in Frameworks */,
				45E8C4972612531D007F9B0E /* WidgetKit.framework in Frameworks */,
				45CAC10B2615CBC200FF63E7 /* Gzip in Frameworks */,
			);
			runOnlyForDeploymentPostprocessing = 0;
		};
/* End PBXFrameworksBuildPhase section */

/* Begin PBXGroup section */
		45E8C4742612512E007F9B0E = {
			isa = PBXGroup;
			children = (
				45E8C4A62612531E007F9B0E /* WidgetsExtension.entitlements */,
				45E8C47F2612512E007F9B0E /* AC Widget */,
				45E8C49A2612531D007F9B0E /* Widgets */,
				45E8C4952612531D007F9B0E /* Frameworks */,
				45E8C47E2612512E007F9B0E /* Products */,
			);
			sourceTree = "<group>";
		};
		45E8C47E2612512E007F9B0E /* Products */ = {
			isa = PBXGroup;
			children = (
				45E8C47D2612512E007F9B0E /* AC Widget.app */,
				45E8C4942612531D007F9B0E /* WidgetsExtension.appex */,
			);
			name = Products;
			sourceTree = "<group>";
		};
		45E8C47F2612512E007F9B0E /* AC Widget */ = {
			isa = PBXGroup;
			children = (
				45E8C48F26125185007F9B0E /* AC Widget.entitlements */,
				45E8C4802612512E007F9B0E /* AC_WidgetApp.swift */,
				45E8C4822612512E007F9B0E /* ContentView.swift */,
				45E8C4842612512F007F9B0E /* Assets.xcassets */,
				45E8C4892612512F007F9B0E /* Info.plist */,
				45E8C4862612512F007F9B0E /* Preview Content */,
				45E8C4C126126B34007F9B0E /* CurrencyConverter.swift */,
				45CAC1142615CDBE00FF63E7 /* AppStoreConnectApi.swift */,
				CB28AED72615D21C00B48215 /* ACData.swift */,
				CB28AED32615D1FA00B48215 /* APIError.swift */,
				CB28AF002616163600B48215 /* SettingsView.swift */,
				452A37F026161C97005CD1DA /* Extensions.swift */,
			);
			path = "AC Widget";
			sourceTree = "<group>";
		};
		45E8C4862612512F007F9B0E /* Preview Content */ = {
			isa = PBXGroup;
			children = (
				45E8C4872612512F007F9B0E /* Preview Assets.xcassets */,
			);
			path = "Preview Content";
			sourceTree = "<group>";
		};
		45E8C4952612531D007F9B0E /* Frameworks */ = {
			isa = PBXGroup;
			children = (
				45E8C4962612531D007F9B0E /* WidgetKit.framework */,
				45E8C4982612531D007F9B0E /* SwiftUI.framework */,
			);
			name = Frameworks;
			sourceTree = "<group>";
		};
		45E8C49A2612531D007F9B0E /* Widgets */ = {
			isa = PBXGroup;
			children = (
				45E8C49B2612531D007F9B0E /* Widgets.swift */,
				CB28AEE42615D28F00B48215 /* SummarySmall.swift */,
				CB28AEE92615D2BB00B48215 /* SummaryMedium.swift */,
				CB28AEEE2615D2E900B48215 /* ErrorWidget.swift */,
				CB28AEDF2615D24400B48215 /* UnitText.swift */,
				CB28AEFB2615F5E700B48215 /* GraphView.swift */,
				45E8C49D2612531D007F9B0E /* Widgets.intentdefinition */,
				45E8C49E2612531E007F9B0E /* Assets.xcassets */,
				45E8C4A02612531E007F9B0E /* Info.plist */,
			);
			path = Widgets;
			sourceTree = "<group>";
		};
/* End PBXGroup section */

/* Begin PBXNativeTarget section */
		45E8C47C2612512E007F9B0E /* AC Widget */ = {
			isa = PBXNativeTarget;
			buildConfigurationList = 45E8C48C2612512F007F9B0E /* Build configuration list for PBXNativeTarget "AC Widget" */;
			buildPhases = (
				45E8C4792612512E007F9B0E /* Sources */,
				45E8C47A2612512E007F9B0E /* Frameworks */,
				45E8C47B2612512E007F9B0E /* Resources */,
				45E8C4AA2612531E007F9B0E /* Embed App Extensions */,
			);
			buildRules = (
			);
			dependencies = (
				45E8C4A42612531E007F9B0E /* PBXTargetDependency */,
			);
			name = "AC Widget";
			packageProductDependencies = (
				45E8C4BC261267FB007F9B0E /* Gzip */,
				45E8C4BF261268D4007F9B0E /* SwiftCSV */,
				455B4A9F2613BAA80061785A /* Promises */,
				45CAC1082615CB8100FF63E7 /* AppStoreConnect-Swift-SDK */,
			);
			productName = "AC Widget";
			productReference = 45E8C47D2612512E007F9B0E /* AC Widget.app */;
			productType = "com.apple.product-type.application";
		};
		45E8C4932612531D007F9B0E /* WidgetsExtension */ = {
			isa = PBXNativeTarget;
			buildConfigurationList = 45E8C4A72612531E007F9B0E /* Build configuration list for PBXNativeTarget "WidgetsExtension" */;
			buildPhases = (
				45E8C4902612531D007F9B0E /* Sources */,
				45E8C4912612531D007F9B0E /* Frameworks */,
				45E8C4922612531D007F9B0E /* Resources */,
			);
			buildRules = (
			);
			dependencies = (
			);
			name = WidgetsExtension;
			packageProductDependencies = (
				45CAC10A2615CBC200FF63E7 /* Gzip */,
				45CAC10C2615CBC700FF63E7 /* SwiftCSV */,
				45CAC10E2615CBCB00FF63E7 /* AppStoreConnect-Swift-SDK */,
				45CAC1102615CBD000FF63E7 /* Promises */,
			);
			productName = WidgetsExtension;
			productReference = 45E8C4942612531D007F9B0E /* WidgetsExtension.appex */;
			productType = "com.apple.product-type.app-extension";
		};
/* End PBXNativeTarget section */

/* Begin PBXProject section */
		45E8C4752612512E007F9B0E /* Project object */ = {
			isa = PBXProject;
			attributes = {
				LastSwiftUpdateCheck = 1250;
				LastUpgradeCheck = 1250;
				TargetAttributes = {
					45E8C47C2612512E007F9B0E = {
						CreatedOnToolsVersion = 12.5;
					};
					45E8C4932612531D007F9B0E = {
						CreatedOnToolsVersion = 12.5;
					};
				};
			};
			buildConfigurationList = 45E8C4782612512E007F9B0E /* Build configuration list for PBXProject "AC Widget" */;
			compatibilityVersion = "Xcode 9.3";
			developmentRegion = en;
			hasScannedForEncodings = 0;
			knownRegions = (
				en,
				Base,
			);
			mainGroup = 45E8C4742612512E007F9B0E;
			packageReferences = (
				45E8C4BB261267FB007F9B0E /* XCRemoteSwiftPackageReference "GzipSwift" */,
				45E8C4BE261268D4007F9B0E /* XCRemoteSwiftPackageReference "SwiftCSV" */,
				455B4A9E2613BAA80061785A /* XCRemoteSwiftPackageReference "promises" */,
				45CAC1072615CB8100FF63E7 /* XCRemoteSwiftPackageReference "appstoreconnect-swift-sdk" */,
			);
			productRefGroup = 45E8C47E2612512E007F9B0E /* Products */;
			projectDirPath = "";
			projectRoot = "";
			targets = (
				45E8C47C2612512E007F9B0E /* AC Widget */,
				45E8C4932612531D007F9B0E /* WidgetsExtension */,
			);
		};
/* End PBXProject section */

/* Begin PBXResourcesBuildPhase section */
		45E8C47B2612512E007F9B0E /* Resources */ = {
			isa = PBXResourcesBuildPhase;
			buildActionMask = 2147483647;
			files = (
				45E8C4882612512F007F9B0E /* Preview Assets.xcassets in Resources */,
				45E8C4852612512F007F9B0E /* Assets.xcassets in Resources */,
			);
			runOnlyForDeploymentPostprocessing = 0;
		};
		45E8C4922612531D007F9B0E /* Resources */ = {
			isa = PBXResourcesBuildPhase;
			buildActionMask = 2147483647;
			files = (
				45E8C49F2612531E007F9B0E /* Assets.xcassets in Resources */,
			);
			runOnlyForDeploymentPostprocessing = 0;
		};
/* End PBXResourcesBuildPhase section */

/* Begin PBXSourcesBuildPhase section */
		45E8C4792612512E007F9B0E /* Sources */ = {
			isa = PBXSourcesBuildPhase;
			buildActionMask = 2147483647;
			files = (
				CB28AED82615D21C00B48215 /* ACData.swift in Sources */,
				45E8C4832612512E007F9B0E /* ContentView.swift in Sources */,
				CB28AEE52615D28F00B48215 /* SummarySmall.swift in Sources */,
				45E8C4C226126B34007F9B0E /* CurrencyConverter.swift in Sources */,
				45E8C4A22612531E007F9B0E /* Widgets.intentdefinition in Sources */,
				CB28AEEA2615D2BB00B48215 /* SummaryMedium.swift in Sources */,
				CB28AEEF2615D2E900B48215 /* ErrorWidget.swift in Sources */,
				45E8C4812612512E007F9B0E /* AC_WidgetApp.swift in Sources */,
				45CAC1152615CDBE00FF63E7 /* AppStoreConnectApi.swift in Sources */,
				CB28AEE02615D24400B48215 /* UnitText.swift in Sources */,
				CB28AED42615D1FA00B48215 /* APIError.swift in Sources */,
				CB28AEFC2615F5E700B48215 /* GraphView.swift in Sources */,
				CB28AF012616163600B48215 /* SettingsView.swift in Sources */,
				452A37F126161C97005CD1DA /* Extensions.swift in Sources */,
			);
			runOnlyForDeploymentPostprocessing = 0;
		};
		45E8C4902612531D007F9B0E /* Sources */ = {
			isa = PBXSourcesBuildPhase;
			buildActionMask = 2147483647;
			files = (
				CB28AED92615D21C00B48215 /* ACData.swift in Sources */,
				45CAC1132615CC5F00FF63E7 /* CurrencyConverter.swift in Sources */,
				45CAC1162615CDBE00FF63E7 /* AppStoreConnectApi.swift in Sources */,
				CB28AEFD2615F5E700B48215 /* GraphView.swift in Sources */,
				CB28AEEB2615D2BB00B48215 /* SummaryMedium.swift in Sources */,
				CB28AEE12615D24400B48215 /* UnitText.swift in Sources */,
				CB28AEE62615D28F00B48215 /* SummarySmall.swift in Sources */,
				452A37F226161C97005CD1DA /* Extensions.swift in Sources */,
				45E8C4A12612531E007F9B0E /* Widgets.intentdefinition in Sources */,
				45E8C49C2612531D007F9B0E /* Widgets.swift in Sources */,
				CB28AEF02615D2E900B48215 /* ErrorWidget.swift in Sources */,
				CB28AEDC2615D21F00B48215 /* APIError.swift in Sources */,
			);
			runOnlyForDeploymentPostprocessing = 0;
		};
/* End PBXSourcesBuildPhase section */

/* Begin PBXTargetDependency section */
		45E8C4A42612531E007F9B0E /* PBXTargetDependency */ = {
			isa = PBXTargetDependency;
			target = 45E8C4932612531D007F9B0E /* WidgetsExtension */;
			targetProxy = 45E8C4A32612531E007F9B0E /* PBXContainerItemProxy */;
		};
/* End PBXTargetDependency section */

/* Begin XCBuildConfiguration section */
		45E8C48A2612512F007F9B0E /* Debug */ = {
			isa = XCBuildConfiguration;
			buildSettings = {
				ALWAYS_SEARCH_USER_PATHS = NO;
				CLANG_ANALYZER_NONNULL = YES;
				CLANG_ANALYZER_NUMBER_OBJECT_CONVERSION = YES_AGGRESSIVE;
				CLANG_CXX_LANGUAGE_STANDARD = "gnu++14";
				CLANG_CXX_LIBRARY = "libc++";
				CLANG_ENABLE_MODULES = YES;
				CLANG_ENABLE_OBJC_ARC = YES;
				CLANG_ENABLE_OBJC_WEAK = YES;
				CLANG_WARN_BLOCK_CAPTURE_AUTORELEASING = YES;
				CLANG_WARN_BOOL_CONVERSION = YES;
				CLANG_WARN_COMMA = YES;
				CLANG_WARN_CONSTANT_CONVERSION = YES;
				CLANG_WARN_DEPRECATED_OBJC_IMPLEMENTATIONS = YES;
				CLANG_WARN_DIRECT_OBJC_ISA_USAGE = YES_ERROR;
				CLANG_WARN_DOCUMENTATION_COMMENTS = YES;
				CLANG_WARN_EMPTY_BODY = YES;
				CLANG_WARN_ENUM_CONVERSION = YES;
				CLANG_WARN_INFINITE_RECURSION = YES;
				CLANG_WARN_INT_CONVERSION = YES;
				CLANG_WARN_NON_LITERAL_NULL_CONVERSION = YES;
				CLANG_WARN_OBJC_IMPLICIT_RETAIN_SELF = YES;
				CLANG_WARN_OBJC_LITERAL_CONVERSION = YES;
				CLANG_WARN_OBJC_ROOT_CLASS = YES_ERROR;
				CLANG_WARN_QUOTED_INCLUDE_IN_FRAMEWORK_HEADER = YES;
				CLANG_WARN_RANGE_LOOP_ANALYSIS = YES;
				CLANG_WARN_STRICT_PROTOTYPES = YES;
				CLANG_WARN_SUSPICIOUS_MOVE = YES;
				CLANG_WARN_UNGUARDED_AVAILABILITY = YES_AGGRESSIVE;
				CLANG_WARN_UNREACHABLE_CODE = YES;
				CLANG_WARN__DUPLICATE_METHOD_MATCH = YES;
				COPY_PHASE_STRIP = NO;
				DEBUG_INFORMATION_FORMAT = dwarf;
				ENABLE_STRICT_OBJC_MSGSEND = YES;
				ENABLE_TESTABILITY = YES;
				GCC_C_LANGUAGE_STANDARD = gnu11;
				GCC_DYNAMIC_NO_PIC = NO;
				GCC_NO_COMMON_BLOCKS = YES;
				GCC_OPTIMIZATION_LEVEL = 0;
				GCC_PREPROCESSOR_DEFINITIONS = (
					"DEBUG=1",
					"$(inherited)",
				);
				GCC_WARN_64_TO_32_BIT_CONVERSION = YES;
				GCC_WARN_ABOUT_RETURN_TYPE = YES_ERROR;
				GCC_WARN_UNDECLARED_SELECTOR = YES;
				GCC_WARN_UNINITIALIZED_AUTOS = YES_AGGRESSIVE;
				GCC_WARN_UNUSED_FUNCTION = YES;
				GCC_WARN_UNUSED_VARIABLE = YES;
				IPHONEOS_DEPLOYMENT_TARGET = 14.5;
				MTL_ENABLE_DEBUG_INFO = INCLUDE_SOURCE;
				MTL_FAST_MATH = YES;
				ONLY_ACTIVE_ARCH = YES;
				SDKROOT = iphoneos;
				SWIFT_ACTIVE_COMPILATION_CONDITIONS = DEBUG;
				SWIFT_OPTIMIZATION_LEVEL = "-Onone";
			};
			name = Debug;
		};
		45E8C48B2612512F007F9B0E /* Release */ = {
			isa = XCBuildConfiguration;
			buildSettings = {
				ALWAYS_SEARCH_USER_PATHS = NO;
				CLANG_ANALYZER_NONNULL = YES;
				CLANG_ANALYZER_NUMBER_OBJECT_CONVERSION = YES_AGGRESSIVE;
				CLANG_CXX_LANGUAGE_STANDARD = "gnu++14";
				CLANG_CXX_LIBRARY = "libc++";
				CLANG_ENABLE_MODULES = YES;
				CLANG_ENABLE_OBJC_ARC = YES;
				CLANG_ENABLE_OBJC_WEAK = YES;
				CLANG_WARN_BLOCK_CAPTURE_AUTORELEASING = YES;
				CLANG_WARN_BOOL_CONVERSION = YES;
				CLANG_WARN_COMMA = YES;
				CLANG_WARN_CONSTANT_CONVERSION = YES;
				CLANG_WARN_DEPRECATED_OBJC_IMPLEMENTATIONS = YES;
				CLANG_WARN_DIRECT_OBJC_ISA_USAGE = YES_ERROR;
				CLANG_WARN_DOCUMENTATION_COMMENTS = YES;
				CLANG_WARN_EMPTY_BODY = YES;
				CLANG_WARN_ENUM_CONVERSION = YES;
				CLANG_WARN_INFINITE_RECURSION = YES;
				CLANG_WARN_INT_CONVERSION = YES;
				CLANG_WARN_NON_LITERAL_NULL_CONVERSION = YES;
				CLANG_WARN_OBJC_IMPLICIT_RETAIN_SELF = YES;
				CLANG_WARN_OBJC_LITERAL_CONVERSION = YES;
				CLANG_WARN_OBJC_ROOT_CLASS = YES_ERROR;
				CLANG_WARN_QUOTED_INCLUDE_IN_FRAMEWORK_HEADER = YES;
				CLANG_WARN_RANGE_LOOP_ANALYSIS = YES;
				CLANG_WARN_STRICT_PROTOTYPES = YES;
				CLANG_WARN_SUSPICIOUS_MOVE = YES;
				CLANG_WARN_UNGUARDED_AVAILABILITY = YES_AGGRESSIVE;
				CLANG_WARN_UNREACHABLE_CODE = YES;
				CLANG_WARN__DUPLICATE_METHOD_MATCH = YES;
				COPY_PHASE_STRIP = NO;
				DEBUG_INFORMATION_FORMAT = "dwarf-with-dsym";
				ENABLE_NS_ASSERTIONS = NO;
				ENABLE_STRICT_OBJC_MSGSEND = YES;
				GCC_C_LANGUAGE_STANDARD = gnu11;
				GCC_NO_COMMON_BLOCKS = YES;
				GCC_WARN_64_TO_32_BIT_CONVERSION = YES;
				GCC_WARN_ABOUT_RETURN_TYPE = YES_ERROR;
				GCC_WARN_UNDECLARED_SELECTOR = YES;
				GCC_WARN_UNINITIALIZED_AUTOS = YES_AGGRESSIVE;
				GCC_WARN_UNUSED_FUNCTION = YES;
				GCC_WARN_UNUSED_VARIABLE = YES;
				IPHONEOS_DEPLOYMENT_TARGET = 14.5;
				MTL_ENABLE_DEBUG_INFO = NO;
				MTL_FAST_MATH = YES;
				SDKROOT = iphoneos;
				SWIFT_COMPILATION_MODE = wholemodule;
				SWIFT_OPTIMIZATION_LEVEL = "-O";
				VALIDATE_PRODUCT = YES;
			};
			name = Release;
		};
		45E8C48D2612512F007F9B0E /* Debug */ = {
			isa = XCBuildConfiguration;
			buildSettings = {
				ALWAYS_EMBED_SWIFT_STANDARD_LIBRARIES = YES;
				ASSETCATALOG_COMPILER_APPICON_NAME = AppIcon;
				ASSETCATALOG_COMPILER_GLOBAL_ACCENT_COLOR_NAME = AccentColor;
				CODE_SIGN_ENTITLEMENTS = "AC Widget/AC Widget.entitlements";
				CODE_SIGN_STYLE = Automatic;
				DEVELOPMENT_ASSET_PATHS = "\"AC Widget/Preview Content\"";
				DEVELOPMENT_TEAM = E348R9JYR6;
				ENABLE_PREVIEWS = YES;
				INFOPLIST_FILE = "AC Widget/Info.plist";
				IPHONEOS_DEPLOYMENT_TARGET = 14.0;
				LD_RUNPATH_SEARCH_PATHS = (
					"$(inherited)",
					"@executable_path/Frameworks",
				);
				PRODUCT_BUNDLE_IDENTIFIER = "dev.kruschel.AC-Widget";
				PRODUCT_NAME = "$(TARGET_NAME)";
				SUPPORTS_MACCATALYST = YES;
				SWIFT_VERSION = 5.0;
				TARGETED_DEVICE_FAMILY = "1,2";
			};
			name = Debug;
		};
		45E8C48E2612512F007F9B0E /* Release */ = {
			isa = XCBuildConfiguration;
			buildSettings = {
				ALWAYS_EMBED_SWIFT_STANDARD_LIBRARIES = YES;
				ASSETCATALOG_COMPILER_APPICON_NAME = AppIcon;
				ASSETCATALOG_COMPILER_GLOBAL_ACCENT_COLOR_NAME = AccentColor;
				CODE_SIGN_ENTITLEMENTS = "AC Widget/AC Widget.entitlements";
				CODE_SIGN_STYLE = Automatic;
				DEVELOPMENT_ASSET_PATHS = "\"AC Widget/Preview Content\"";
				DEVELOPMENT_TEAM = E348R9JYR6;
				ENABLE_PREVIEWS = YES;
				INFOPLIST_FILE = "AC Widget/Info.plist";
				IPHONEOS_DEPLOYMENT_TARGET = 14.0;
				LD_RUNPATH_SEARCH_PATHS = (
					"$(inherited)",
					"@executable_path/Frameworks",
				);
				PRODUCT_BUNDLE_IDENTIFIER = "dev.kruschel.AC-Widget";
				PRODUCT_NAME = "$(TARGET_NAME)";
				SUPPORTS_MACCATALYST = YES;
				SWIFT_VERSION = 5.0;
				TARGETED_DEVICE_FAMILY = "1,2";
			};
			name = Release;
		};
		45E8C4A82612531E007F9B0E /* Debug */ = {
			isa = XCBuildConfiguration;
			buildSettings = {
				ASSETCATALOG_COMPILER_GLOBAL_ACCENT_COLOR_NAME = AccentColor;
				ASSETCATALOG_COMPILER_WIDGET_BACKGROUND_COLOR_NAME = WidgetBackground;
				CODE_SIGN_ENTITLEMENTS = WidgetsExtension.entitlements;
				CODE_SIGN_STYLE = Automatic;
				DEVELOPMENT_TEAM = E348R9JYR6;
				INFOPLIST_FILE = Widgets/Info.plist;
				IPHONEOS_DEPLOYMENT_TARGET = 14.1;
				LD_RUNPATH_SEARCH_PATHS = (
					"$(inherited)",
					"@executable_path/Frameworks",
					"@executable_path/../../Frameworks",
				);
				MACOSX_DEPLOYMENT_TARGET = 11.0;
				PRODUCT_BUNDLE_IDENTIFIER = "dev.kruschel.AC-Widget.Widgets";
				PRODUCT_NAME = "$(TARGET_NAME)";
				SKIP_INSTALL = YES;
				SUPPORTS_MACCATALYST = YES;
				SWIFT_VERSION = 5.0;
				TARGETED_DEVICE_FAMILY = "1,2";
				TVOS_DEPLOYMENT_TARGET = 14.0;
				WATCHOS_DEPLOYMENT_TARGET = 7.0;
			};
			name = Debug;
		};
		45E8C4A92612531E007F9B0E /* Release */ = {
			isa = XCBuildConfiguration;
			buildSettings = {
				ASSETCATALOG_COMPILER_GLOBAL_ACCENT_COLOR_NAME = AccentColor;
				ASSETCATALOG_COMPILER_WIDGET_BACKGROUND_COLOR_NAME = WidgetBackground;
				CODE_SIGN_ENTITLEMENTS = WidgetsExtension.entitlements;
				CODE_SIGN_STYLE = Automatic;
				DEVELOPMENT_TEAM = E348R9JYR6;
				INFOPLIST_FILE = Widgets/Info.plist;
				IPHONEOS_DEPLOYMENT_TARGET = 14.1;
				LD_RUNPATH_SEARCH_PATHS = (
					"$(inherited)",
					"@executable_path/Frameworks",
					"@executable_path/../../Frameworks",
				);
				MACOSX_DEPLOYMENT_TARGET = 11.0;
				PRODUCT_BUNDLE_IDENTIFIER = "dev.kruschel.AC-Widget.Widgets";
				PRODUCT_NAME = "$(TARGET_NAME)";
				SKIP_INSTALL = YES;
				SUPPORTS_MACCATALYST = YES;
				SWIFT_VERSION = 5.0;
				TARGETED_DEVICE_FAMILY = "1,2";
				TVOS_DEPLOYMENT_TARGET = 14.0;
				WATCHOS_DEPLOYMENT_TARGET = 7.0;
			};
			name = Release;
		};
/* End XCBuildConfiguration section */

/* Begin XCConfigurationList section */
		45E8C4782612512E007F9B0E /* Build configuration list for PBXProject "AC Widget" */ = {
			isa = XCConfigurationList;
			buildConfigurations = (
				45E8C48A2612512F007F9B0E /* Debug */,
				45E8C48B2612512F007F9B0E /* Release */,
			);
			defaultConfigurationIsVisible = 0;
			defaultConfigurationName = Release;
		};
		45E8C48C2612512F007F9B0E /* Build configuration list for PBXNativeTarget "AC Widget" */ = {
			isa = XCConfigurationList;
			buildConfigurations = (
				45E8C48D2612512F007F9B0E /* Debug */,
				45E8C48E2612512F007F9B0E /* Release */,
			);
			defaultConfigurationIsVisible = 0;
			defaultConfigurationName = Release;
		};
		45E8C4A72612531E007F9B0E /* Build configuration list for PBXNativeTarget "WidgetsExtension" */ = {
			isa = XCConfigurationList;
			buildConfigurations = (
				45E8C4A82612531E007F9B0E /* Debug */,
				45E8C4A92612531E007F9B0E /* Release */,
			);
			defaultConfigurationIsVisible = 0;
			defaultConfigurationName = Release;
		};
/* End XCConfigurationList section */

/* Begin XCRemoteSwiftPackageReference section */
		455B4A9E2613BAA80061785A /* XCRemoteSwiftPackageReference "promises" */ = {
			isa = XCRemoteSwiftPackageReference;
			repositoryURL = "https://github.com/google/promises";
			requirement = {
				kind = upToNextMajorVersion;
				minimumVersion = 1.2.12;
			};
		};
		45CAC1072615CB8100FF63E7 /* XCRemoteSwiftPackageReference "appstoreconnect-swift-sdk" */ = {
			isa = XCRemoteSwiftPackageReference;
			repositoryURL = "https://github.com/AvdLee/appstoreconnect-swift-sdk.git";
			requirement = {
				kind = upToNextMajorVersion;
				minimumVersion = 1.4.0;
			};
		};
		45E8C4BB261267FB007F9B0E /* XCRemoteSwiftPackageReference "GzipSwift" */ = {
			isa = XCRemoteSwiftPackageReference;
			repositoryURL = "https://github.com/1024jp/GzipSwift";
			requirement = {
				kind = upToNextMajorVersion;
				minimumVersion = 5.1.1;
			};
		};
		45E8C4BE261268D4007F9B0E /* XCRemoteSwiftPackageReference "SwiftCSV" */ = {
			isa = XCRemoteSwiftPackageReference;
			repositoryURL = "https://github.com/swiftcsv/SwiftCSV";
			requirement = {
				kind = upToNextMajorVersion;
				minimumVersion = 0.6.0;
			};
		};
/* End XCRemoteSwiftPackageReference section */

/* Begin XCSwiftPackageProductDependency section */
		455B4A9F2613BAA80061785A /* Promises */ = {
			isa = XCSwiftPackageProductDependency;
			package = 455B4A9E2613BAA80061785A /* XCRemoteSwiftPackageReference "promises" */;
			productName = Promises;
		};
		45CAC1082615CB8100FF63E7 /* AppStoreConnect-Swift-SDK */ = {
			isa = XCSwiftPackageProductDependency;
			package = 45CAC1072615CB8100FF63E7 /* XCRemoteSwiftPackageReference "appstoreconnect-swift-sdk" */;
			productName = "AppStoreConnect-Swift-SDK";
		};
		45CAC10A2615CBC200FF63E7 /* Gzip */ = {
			isa = XCSwiftPackageProductDependency;
			package = 45E8C4BB261267FB007F9B0E /* XCRemoteSwiftPackageReference "GzipSwift" */;
			productName = Gzip;
		};
		45CAC10C2615CBC700FF63E7 /* SwiftCSV */ = {
			isa = XCSwiftPackageProductDependency;
			package = 45E8C4BE261268D4007F9B0E /* XCRemoteSwiftPackageReference "SwiftCSV" */;
			productName = SwiftCSV;
		};
		45CAC10E2615CBCB00FF63E7 /* AppStoreConnect-Swift-SDK */ = {
			isa = XCSwiftPackageProductDependency;
			package = 45CAC1072615CB8100FF63E7 /* XCRemoteSwiftPackageReference "appstoreconnect-swift-sdk" */;
			productName = "AppStoreConnect-Swift-SDK";
		};
		45CAC1102615CBD000FF63E7 /* Promises */ = {
			isa = XCSwiftPackageProductDependency;
			package = 455B4A9E2613BAA80061785A /* XCRemoteSwiftPackageReference "promises" */;
			productName = Promises;
		};
		45E8C4BC261267FB007F9B0E /* Gzip */ = {
			isa = XCSwiftPackageProductDependency;
			package = 45E8C4BB261267FB007F9B0E /* XCRemoteSwiftPackageReference "GzipSwift" */;
			productName = Gzip;
		};
		45E8C4BF261268D4007F9B0E /* SwiftCSV */ = {
			isa = XCSwiftPackageProductDependency;
			package = 45E8C4BE261268D4007F9B0E /* XCRemoteSwiftPackageReference "SwiftCSV" */;
			productName = SwiftCSV;
		};
/* End XCSwiftPackageProductDependency section */
	};
	rootObject = 45E8C4752612512E007F9B0E /* Project object */;
}
