{
  "object": {
    "pins": [
      {
        "package": "AppStoreConnect-Swift-SDK",
        "repositoryURL": "https://github.com/AvdLee/appstoreconnect-swift-sdk.git",
        "state": {
          "branch": null,
          "revision": "d5ca03e64ccfc8cf8fd9d20b060e4e7e37fd07bb",
          "version": "1.4.0"
        }
      },
      {
        "package": "Gzip",
        "repositoryURL": "https://github.com/1024jp/GzipSwift",
        "state": {
          "branch": null,
          "revision": "ba0b6cb51cc6202f896e469b87d2889a46b10d1b",
          "version": "5.1.1"
        }
      },
      {
        "package": "Promises",
        "repositoryURL": "https://github.com/google/promises",
        "state": {
          "branch": null,
          "revision": "afa9a1ace74e116848d4f743599ab83e584ff8cb",
          "version": "1.2.12"
        }
      },
      {
        "package": "SwiftCSV",
        "repositoryURL": "https://github.com/swiftcsv/SwiftCSV",
        "state": {
          "branch": null,
          "revision": "ad2042d0ba2ea260246b0e1b1d5710cbc53e2836",
          "version": "0.6.0"
        }
      }
    ]
  },
  "version": 1
}
